// !$*UTF8*$!
{
	archiveVersion = 1;
	classes = {
	};
	objectVersion = 60;
	objects = {

/* Begin PBXBuildFile section */
		62030FFB2CD6CA6D00B0F39B /* MarketFirebaseService in Frameworks */ = {isa = PBXBuildFile; productRef = 62030FFA2CD6CA6D00B0F39B /* MarketFirebaseService */; };
		6217B5952BD58617001FB16E /* CoreDataStack.swift in Sources */ = {isa = PBXBuildFile; fileRef = 6217B5942BD58617001FB16E /* CoreDataStack.swift */; };
		6217B59A2BD597B3001FB16E /* CartService.swift in Sources */ = {isa = PBXBuildFile; fileRef = 6217B5992BD597B3001FB16E /* CartService.swift */; };
		6217B5A02BD69E19001FB16E /* SuggestedCellView.swift in Sources */ = {isa = PBXBuildFile; fileRef = 6217B59F2BD69E19001FB16E /* SuggestedCellView.swift */; };
		6217B5A22BD69E66001FB16E /* SuggestedCellPresenter.swift in Sources */ = {isa = PBXBuildFile; fileRef = 6217B5A12BD69E66001FB16E /* SuggestedCellPresenter.swift */; };
		6217B5A42BD69E9D001FB16E /* SuggestedCellInteractor.swift in Sources */ = {isa = PBXBuildFile; fileRef = 6217B5A32BD69E9D001FB16E /* SuggestedCellInteractor.swift */; };
		6217B5A62BD69ED8001FB16E /* SuggestedCellBuilder.swift in Sources */ = {isa = PBXBuildFile; fileRef = 6217B5A52BD69ED8001FB16E /* SuggestedCellBuilder.swift */; };
		6217B5A82BD6D63C001FB16E /* ConfirmationDialogue.swift in Sources */ = {isa = PBXBuildFile; fileRef = 6217B5A72BD6D63C001FB16E /* ConfirmationDialogue.swift */; };
		6217B5AA2BD7F09D001FB16E /* InfoPopUpShowable.swift in Sources */ = {isa = PBXBuildFile; fileRef = 6217B5A92BD7F09D001FB16E /* InfoPopUpShowable.swift */; };
		622999E32BC5B92B004941FF /* ProductListingEntity.swift in Sources */ = {isa = PBXBuildFile; fileRef = 622999E22BC5B92B004941FF /* ProductListingEntity.swift */; };
		622999E52BC5B9FB004941FF /* ProductListingInteractor.swift in Sources */ = {isa = PBXBuildFile; fileRef = 622999E42BC5B9FB004941FF /* ProductListingInteractor.swift */; };
		622999E72BC5BA22004941FF /* ProductListingRouter.swift in Sources */ = {isa = PBXBuildFile; fileRef = 622999E62BC5BA22004941FF /* ProductListingRouter.swift */; };
		623093EA2BD9061C00C8E408 /* CollectionViewLayouts.swift in Sources */ = {isa = PBXBuildFile; fileRef = 623093E92BD9061C00C8E408 /* CollectionViewLayouts.swift */; };
		624134152BCC13A7002AD5C7 /* DataManager.swift in Sources */ = {isa = PBXBuildFile; fileRef = 624134142BCC13A7002AD5C7 /* DataManager.swift */; };
		6248B6252BC5F2ED003E695B /* LoadingView.swift in Sources */ = {isa = PBXBuildFile; fileRef = 6248B6242BC5F2ED003E695B /* LoadingView.swift */; };
		6248B6272BC5F4DD003E695B /* Collection.swift in Sources */ = {isa = PBXBuildFile; fileRef = 6248B6262BC5F4DD003E695B /* Collection.swift */; };
		624CEB792CDC2FF900DA3434 /* DeliverityViewController.swift in Sources */ = {isa = PBXBuildFile; fileRef = 624CEB782CDC2FF900DA3434 /* DeliverityViewController.swift */; };
		624CEB7B2CDC300000DA3434 /* DeliverityRouter.swift in Sources */ = {isa = PBXBuildFile; fileRef = 624CEB7A2CDC2FFD00DA3434 /* DeliverityRouter.swift */; };
		624CEB7D2CDC300900DA3434 /* DeliverityInteractor.swift in Sources */ = {isa = PBXBuildFile; fileRef = 624CEB7C2CDC300500DA3434 /* DeliverityInteractor.swift */; };
		624CEB7F2CDC300F00DA3434 /* DeliverityPresenter.swift in Sources */ = {isa = PBXBuildFile; fileRef = 624CEB7E2CDC300C00DA3434 /* DeliverityPresenter.swift */; };
		625F4A862C14BAF70094D0AF /* ProductGroupCell.swift in Sources */ = {isa = PBXBuildFile; fileRef = 625F4A852C14BAF70094D0AF /* ProductGroupCell.swift */; };
		625F4A882C14C19A0094D0AF /* CategoryCell.swift in Sources */ = {isa = PBXBuildFile; fileRef = 625F4A872C14C19A0094D0AF /* CategoryCell.swift */; };
		6271F0812BCF5F54005CA19A /* Cart.xcdatamodeld in Sources */ = {isa = PBXBuildFile; fileRef = 6271F07F2BCF5F54005CA19A /* Cart.xcdatamodeld */; };
		6271F0862BD0269C005CA19A /* ProductCellBuilder.swift in Sources */ = {isa = PBXBuildFile; fileRef = 6271F0852BD0269C005CA19A /* ProductCellBuilder.swift */; };
		6271F0882BD051CE005CA19A /* CartViewController.swift in Sources */ = {isa = PBXBuildFile; fileRef = 6271F0872BD051CE005CA19A /* CartViewController.swift */; };
		6271F08A2BD051E2005CA19A /* CartPresenter.swift in Sources */ = {isa = PBXBuildFile; fileRef = 6271F0892BD051E2005CA19A /* CartPresenter.swift */; };
		6271F08C2BD051EB005CA19A /* CartInteractor.swift in Sources */ = {isa = PBXBuildFile; fileRef = 6271F08B2BD051EB005CA19A /* CartInteractor.swift */; };
		6271F08E2BD051F5005CA19A /* CartRouter.swift in Sources */ = {isa = PBXBuildFile; fileRef = 6271F08D2BD051F5005CA19A /* CartRouter.swift */; };
		6271F0912BD08D4E005CA19A /* CartCellView.swift in Sources */ = {isa = PBXBuildFile; fileRef = 6271F0902BD08D4E005CA19A /* CartCellView.swift */; };
		6271F0932BD09303005CA19A /* CartCellInteractor.swift in Sources */ = {isa = PBXBuildFile; fileRef = 6271F0922BD09303005CA19A /* CartCellInteractor.swift */; };
		6271F0952BD093FA005CA19A /* CartCellPresenter.swift in Sources */ = {isa = PBXBuildFile; fileRef = 6271F0942BD093FA005CA19A /* CartCellPresenter.swift */; };
		6271F0972BD09578005CA19A /* CartCellBuilder.swift in Sources */ = {isa = PBXBuildFile; fileRef = 6271F0962BD09578005CA19A /* CartCellBuilder.swift */; };
		628181782BCC51BC002DC3DE /* ProductCellPresenter.swift in Sources */ = {isa = PBXBuildFile; fileRef = 628181772BCC51BC002DC3DE /* ProductCellPresenter.swift */; };
		6281817A2BCC5346002DC3DE /* ProductCellInteractor.swift in Sources */ = {isa = PBXBuildFile; fileRef = 628181792BCC5346002DC3DE /* ProductCellInteractor.swift */; };
		6281817C2BCC5A30002DC3DE /* ProductCellView.swift in Sources */ = {isa = PBXBuildFile; fileRef = 6281817B2BCC5A30002DC3DE /* ProductCellView.swift */; };
		628181B92BCC9FFB002DC3DE /* OpenSans-SemiBold.ttf in Resources */ = {isa = PBXBuildFile; fileRef = 628181AD2BCC9FFB002DC3DE /* OpenSans-SemiBold.ttf */; };
		628181BF2BCC9FFB002DC3DE /* OpenSans-Bold.ttf in Resources */ = {isa = PBXBuildFile; fileRef = 628181B32BCC9FFB002DC3DE /* OpenSans-Bold.ttf */; };
		629956F22CDEFB3600ADA9C4 /* AccountPageRouter.swift in Sources */ = {isa = PBXBuildFile; fileRef = 629956F12CDEFB3200ADA9C4 /* AccountPageRouter.swift */; };
		629956F42CDEFB4000ADA9C4 /* AccountPageInteractor.swift in Sources */ = {isa = PBXBuildFile; fileRef = 629956F32CDEFB3C00ADA9C4 /* AccountPageInteractor.swift */; };
		629956F72CDEFB4D00ADA9C4 /* AccountPagePresenter.swift in Sources */ = {isa = PBXBuildFile; fileRef = 629956F62CDEFB4A00ADA9C4 /* AccountPagePresenter.swift */; };
		629956F92CDEFB5900ADA9C4 /* AccountPageViewController.swift in Sources */ = {isa = PBXBuildFile; fileRef = 629956F82CDEFB5900ADA9C4 /* AccountPageViewController.swift */; };
		629956FB2CDEFCA300ADA9C4 /* AccountPageEntity.swift in Sources */ = {isa = PBXBuildFile; fileRef = 629956FA2CDEFCA000ADA9C4 /* AccountPageEntity.swift */; };
		629957002CDF03E900ADA9C4 /* UserInformationViewController.swift in Sources */ = {isa = PBXBuildFile; fileRef = 629956FF2CDF03E900ADA9C4 /* UserInformationViewController.swift */; };
		629957022CDF03F600ADA9C4 /* UserInformationPresenter.swift in Sources */ = {isa = PBXBuildFile; fileRef = 629957012CDF03F200ADA9C4 /* UserInformationPresenter.swift */; };
		629957042CDF040700ADA9C4 /* UserInformationInteractor.swift in Sources */ = {isa = PBXBuildFile; fileRef = 629957032CDF03F900ADA9C4 /* UserInformationInteractor.swift */; };
		629957062CDF041700ADA9C4 /* UserInformationBuilder.swift in Sources */ = {isa = PBXBuildFile; fileRef = 629957052CDF041000ADA9C4 /* UserInformationBuilder.swift */; };
		629957092CDFC6DF00ADA9C4 /* EmailChangePresenter.swift in Sources */ = {isa = PBXBuildFile; fileRef = 629957082CDFC6D900ADA9C4 /* EmailChangePresenter.swift */; };
		6299570D2CDFC6FF00ADA9C4 /* EmailChangeInteractor.swift in Sources */ = {isa = PBXBuildFile; fileRef = 6299570C2CDFC6F900ADA9C4 /* EmailChangeInteractor.swift */; };
		6299570F2CDFC70C00ADA9C4 /* EmailChangeViewController.swift in Sources */ = {isa = PBXBuildFile; fileRef = 6299570E2CDFC70C00ADA9C4 /* EmailChangeViewController.swift */; };
		629957112CDFC7C000ADA9C4 /* EmailChangeBuilder.swift in Sources */ = {isa = PBXBuildFile; fileRef = 629957102CDFC7BC00ADA9C4 /* EmailChangeBuilder.swift */; };
		629957142CE16D1400ADA9C4 /* PasswordChangeViewController.swift in Sources */ = {isa = PBXBuildFile; fileRef = 629957132CE16D1400ADA9C4 /* PasswordChangeViewController.swift */; };
		629957162CE16D1C00ADA9C4 /* PasswordChangePresenter.swift in Sources */ = {isa = PBXBuildFile; fileRef = 629957152CE16D1700ADA9C4 /* PasswordChangePresenter.swift */; };
		629957182CE16D2700ADA9C4 /* PasswordChangeInteractor.swift in Sources */ = {isa = PBXBuildFile; fileRef = 629957172CE16D1F00ADA9C4 /* PasswordChangeInteractor.swift */; };
		6299571A2CE16D3500ADA9C4 /* PasswordChangeBuilder.swift in Sources */ = {isa = PBXBuildFile; fileRef = 629957192CE16D3000ADA9C4 /* PasswordChangeBuilder.swift */; };
		6299571E2CE173CF00ADA9C4 /* PasswordChangeEntity.swift in Sources */ = {isa = PBXBuildFile; fileRef = 6299571D2CE173C700ADA9C4 /* PasswordChangeEntity.swift */; };
		629957202CE1742900ADA9C4 /* PasswordChangeCell.swift in Sources */ = {isa = PBXBuildFile; fileRef = 6299571F2CE1742500ADA9C4 /* PasswordChangeCell.swift */; };
		629957242CE1933F00ADA9C4 /* AddressEntity.swift in Sources */ = {isa = PBXBuildFile; fileRef = 629957232CE1933B00ADA9C4 /* AddressEntity.swift */; };
		629957272CE19C2500ADA9C4 /* EmailChangeEntity.swift in Sources */ = {isa = PBXBuildFile; fileRef = 629957262CE19C1E00ADA9C4 /* EmailChangeEntity.swift */; };
		629957292CE19C9800ADA9C4 /* EmailChangeCell.swift in Sources */ = {isa = PBXBuildFile; fileRef = 629957282CE19C9400ADA9C4 /* EmailChangeCell.swift */; };
		6299572D2CE1A34B00ADA9C4 /* UserInformationEntity.swift in Sources */ = {isa = PBXBuildFile; fileRef = 6299572C2CE1A34600ADA9C4 /* UserInformationEntity.swift */; };
		6299572F2CE1A3DC00ADA9C4 /* UserInformationCell.swift in Sources */ = {isa = PBXBuildFile; fileRef = 6299572E2CE1A3D700ADA9C4 /* UserInformationCell.swift */; };
		629957332CE251DF00ADA9C4 /* DecisionPopUpShowable.swift in Sources */ = {isa = PBXBuildFile; fileRef = 629957322CE251D700ADA9C4 /* DecisionPopUpShowable.swift */; };
		629957372CE299DB00ADA9C4 /* AddressSaveViewController.swift in Sources */ = {isa = PBXBuildFile; fileRef = 629957362CE299DB00ADA9C4 /* AddressSaveViewController.swift */; };
		629957392CE29A0100ADA9C4 /* AddressSavePresenter.swift in Sources */ = {isa = PBXBuildFile; fileRef = 629957382CE299FC00ADA9C4 /* AddressSavePresenter.swift */; };
		6299573B2CE29A3000ADA9C4 /* AddressSaveInteractor.swift in Sources */ = {isa = PBXBuildFile; fileRef = 6299573A2CE29A1D00ADA9C4 /* AddressSaveInteractor.swift */; };
		6299573F2CE2A02300ADA9C4 /* AddressSaveEntity.swift in Sources */ = {isa = PBXBuildFile; fileRef = 6299573E2CE2A01F00ADA9C4 /* AddressSaveEntity.swift */; };
		629957412CE2A06100ADA9C4 /* AddressSaveCell.swift in Sources */ = {isa = PBXBuildFile; fileRef = 629957402CE2A05D00ADA9C4 /* AddressSaveCell.swift */; };
		629957432CE2E78F00ADA9C4 /* AddressSaveRouter.swift in Sources */ = {isa = PBXBuildFile; fileRef = 629957422CE2E78B00ADA9C4 /* AddressSaveRouter.swift */; };
		62A1EF5D2CD59E2700642FAA /* UserService.swift in Sources */ = {isa = PBXBuildFile; fileRef = 62A1EF5C2CD59E2400642FAA /* UserService.swift */; };
		62A21B5A2CDD480000D21D5C /* MainTabBarController.swift in Sources */ = {isa = PBXBuildFile; fileRef = 62A21B592CDD480000D21D5C /* MainTabBarController.swift */; };
		62A21B622CDD9D0600D21D5C /* AddressSelectionViewController.swift in Sources */ = {isa = PBXBuildFile; fileRef = 62A21B612CDD9D0600D21D5C /* AddressSelectionViewController.swift */; };
		62A21B642CDD9D2100D21D5C /* AddressSelectionPresenter.swift in Sources */ = {isa = PBXBuildFile; fileRef = 62A21B632CDD9D1A00D21D5C /* AddressSelectionPresenter.swift */; };
		62A21B662CDD9D2E00D21D5C /* AddressSelectionInteractor.swift in Sources */ = {isa = PBXBuildFile; fileRef = 62A21B652CDD9D2700D21D5C /* AddressSelectionInteractor.swift */; };
		62A21B682CDD9D4400D21D5C /* AddressSelectionRouter.swift in Sources */ = {isa = PBXBuildFile; fileRef = 62A21B672CDD9D4000D21D5C /* AddressSelectionRouter.swift */; };
		62A21B6A2CDDA1FB00D21D5C /* AddressCell.swift in Sources */ = {isa = PBXBuildFile; fileRef = 62A21B692CDDA1F700D21D5C /* AddressCell.swift */; };
		62A21B6D2CDE12B300D21D5C /* AddressCreateViewController.swift in Sources */ = {isa = PBXBuildFile; fileRef = 62A21B6C2CDE12B300D21D5C /* AddressCreateViewController.swift */; };
		62A21B6F2CDE12BB00D21D5C /* AddressCreatePresenter.swift in Sources */ = {isa = PBXBuildFile; fileRef = 62A21B6E2CDE12B700D21D5C /* AddressCreatePresenter.swift */; };
		62A21B712CDE12C300D21D5C /* AddressCreateRouter.swift in Sources */ = {isa = PBXBuildFile; fileRef = 62A21B702CDE12BF00D21D5C /* AddressCreateRouter.swift */; };
		62A5985C2CD2C55300BA4879 /* AuthenticationRouter.swift in Sources */ = {isa = PBXBuildFile; fileRef = 62A5985B2CD2C54A00BA4879 /* AuthenticationRouter.swift */; };
		62A5985F2CD2C57600BA4879 /* AuthenticationViewController.swift in Sources */ = {isa = PBXBuildFile; fileRef = 62A5985E2CD2C57600BA4879 /* AuthenticationViewController.swift */; };
		62A598632CD2C59700BA4879 /* AuthenticationPresenter.swift in Sources */ = {isa = PBXBuildFile; fileRef = 62A598622CD2C59000BA4879 /* AuthenticationPresenter.swift */; };
		62A598652CD2C5A200BA4879 /* AuthenticationEntity.swift in Sources */ = {isa = PBXBuildFile; fileRef = 62A598642CD2C59C00BA4879 /* AuthenticationEntity.swift */; };
		62A598682CD2C6EA00BA4879 /* SnapKit in Frameworks */ = {isa = PBXBuildFile; productRef = 62A598672CD2C6EA00BA4879 /* SnapKit */; };
		62A5986A2CD2CED900BA4879 /* AuthenticationInteractor.swift in Sources */ = {isa = PBXBuildFile; fileRef = 62A598692CD2CECF00BA4879 /* AuthenticationInteractor.swift */; };
		62A5986D2CD2D12B00BA4879 /* Kingfisher in Frameworks */ = {isa = PBXBuildFile; productRef = 62A5986C2CD2D12B00BA4879 /* Kingfisher */; };
		62AA580D2BCD80DE0022DD59 /* CustomNavigationBarView.swift in Sources */ = {isa = PBXBuildFile; fileRef = 62AA580C2BCD80DE0022DD59 /* CustomNavigationBarView.swift */; };
		62AA580F2BCD811A0022DD59 /* CustomNavigationController.swift in Sources */ = {isa = PBXBuildFile; fileRef = 62AA580E2BCD811A0022DD59 /* CustomNavigationController.swift */; };
		62AA58112BCDD7FF0022DD59 /* Main.storyboard in Resources */ = {isa = PBXBuildFile; fileRef = 62AA58102BCDD7FF0022DD59 /* Main.storyboard */; };
		62BD93272BC47E78007E122C /* AppDelegate.swift in Sources */ = {isa = PBXBuildFile; fileRef = 62BD93262BC47E78007E122C /* AppDelegate.swift */; };
		62BD93292BC47E78007E122C /* SceneDelegate.swift in Sources */ = {isa = PBXBuildFile; fileRef = 62BD93282BC47E78007E122C /* SceneDelegate.swift */; };
		62BD93302BC47E79007E122C /* Assets.xcassets in Resources */ = {isa = PBXBuildFile; fileRef = 62BD932F2BC47E79007E122C /* Assets.xcassets */; };
		62BD93632BC48192007E122C /* SplashViewController.swift in Sources */ = {isa = PBXBuildFile; fileRef = 62BD93622BC48192007E122C /* SplashViewController.swift */; };
		62BD93652BC481CD007E122C /* SplashInteractor.swift in Sources */ = {isa = PBXBuildFile; fileRef = 62BD93642BC481CD007E122C /* SplashInteractor.swift */; };
		62BD93682BC4827C007E122C /* SplashPresenter.swift in Sources */ = {isa = PBXBuildFile; fileRef = 62BD93672BC4827C007E122C /* SplashPresenter.swift */; };
		62BD936A2BC482F6007E122C /* SplashRouter.swift in Sources */ = {isa = PBXBuildFile; fileRef = 62BD93692BC482F6007E122C /* SplashRouter.swift */; };
		62BD936C2BC494FE007E122C /* ProductListingViewController.swift in Sources */ = {isa = PBXBuildFile; fileRef = 62BD936B2BC494FE007E122C /* ProductListingViewController.swift */; };
		62BD936E2BC49641007E122C /* ProductListingPresenter.swift in Sources */ = {isa = PBXBuildFile; fileRef = 62BD936D2BC49641007E122C /* ProductListingPresenter.swift */; };
		62C5E63F2CD5A31C00CF4AC3 /* KeychainAccess in Frameworks */ = {isa = PBXBuildFile; productRef = 62C5E63E2CD5A31C00CF4AC3 /* KeychainAccess */; };
		62C5E6412CD5A69300CF4AC3 /* GoogleService-Info.plist in Resources */ = {isa = PBXBuildFile; fileRef = 62C5E6402CD5A69300CF4AC3 /* GoogleService-Info.plist */; };
		62D767042BC72D360070A83F /* SectionDecorations.swift in Sources */ = {isa = PBXBuildFile; fileRef = 62D767032BC72D360070A83F /* SectionDecorations.swift */; };
		62EF7FD12BCB5B5F008DF702 /* ProductDetailViewController.swift in Sources */ = {isa = PBXBuildFile; fileRef = 62EF7FD02BCB5B5F008DF702 /* ProductDetailViewController.swift */; };
		62EF7FD32BCB5B93008DF702 /* ProductDetailInteractor.swift in Sources */ = {isa = PBXBuildFile; fileRef = 62EF7FD22BCB5B93008DF702 /* ProductDetailInteractor.swift */; };
		62EF7FD52BCB5BA4008DF702 /* ProductDetailPresenter.swift in Sources */ = {isa = PBXBuildFile; fileRef = 62EF7FD42BCB5BA4008DF702 /* ProductDetailPresenter.swift */; };
		62EF7FD72BCB5BC5008DF702 /* ProductDetailRouter.swift in Sources */ = {isa = PBXBuildFile; fileRef = 62EF7FD62BCB5BC5008DF702 /* ProductDetailRouter.swift */; };
		62F990042BD31D0D00E76608 /* ProductService.swift in Sources */ = {isa = PBXBuildFile; fileRef = 62F990032BD31D0D00E76608 /* ProductService.swift */; };
/* End PBXBuildFile section */

/* Begin PBXFileReference section */
		6217B5942BD58617001FB16E /* CoreDataStack.swift */ = {isa = PBXFileReference; lastKnownFileType = sourcecode.swift; path = CoreDataStack.swift; sourceTree = "<group>"; };
		6217B5992BD597B3001FB16E /* CartService.swift */ = {isa = PBXFileReference; lastKnownFileType = sourcecode.swift; path = CartService.swift; sourceTree = "<group>"; };
		6217B59F2BD69E19001FB16E /* SuggestedCellView.swift */ = {isa = PBXFileReference; lastKnownFileType = sourcecode.swift; path = SuggestedCellView.swift; sourceTree = "<group>"; };
		6217B5A12BD69E66001FB16E /* SuggestedCellPresenter.swift */ = {isa = PBXFileReference; lastKnownFileType = sourcecode.swift; path = SuggestedCellPresenter.swift; sourceTree = "<group>"; };
		6217B5A32BD69E9D001FB16E /* SuggestedCellInteractor.swift */ = {isa = PBXFileReference; lastKnownFileType = sourcecode.swift; path = SuggestedCellInteractor.swift; sourceTree = "<group>"; };
		6217B5A52BD69ED8001FB16E /* SuggestedCellBuilder.swift */ = {isa = PBXFileReference; lastKnownFileType = sourcecode.swift; path = SuggestedCellBuilder.swift; sourceTree = "<group>"; };
		6217B5A72BD6D63C001FB16E /* ConfirmationDialogue.swift */ = {isa = PBXFileReference; lastKnownFileType = sourcecode.swift; path = ConfirmationDialogue.swift; sourceTree = "<group>"; };
		6217B5A92BD7F09D001FB16E /* InfoPopUpShowable.swift */ = {isa = PBXFileReference; lastKnownFileType = sourcecode.swift; path = InfoPopUpShowable.swift; sourceTree = "<group>"; };
		622999E22BC5B92B004941FF /* ProductListingEntity.swift */ = {isa = PBXFileReference; lastKnownFileType = sourcecode.swift; path = ProductListingEntity.swift; sourceTree = "<group>"; };
		622999E42BC5B9FB004941FF /* ProductListingInteractor.swift */ = {isa = PBXFileReference; lastKnownFileType = sourcecode.swift; path = ProductListingInteractor.swift; sourceTree = "<group>"; };
		622999E62BC5BA22004941FF /* ProductListingRouter.swift */ = {isa = PBXFileReference; lastKnownFileType = sourcecode.swift; path = ProductListingRouter.swift; sourceTree = "<group>"; };
		623093E92BD9061C00C8E408 /* CollectionViewLayouts.swift */ = {isa = PBXFileReference; lastKnownFileType = sourcecode.swift; path = CollectionViewLayouts.swift; sourceTree = "<group>"; };
		624134142BCC13A7002AD5C7 /* DataManager.swift */ = {isa = PBXFileReference; lastKnownFileType = sourcecode.swift; path = DataManager.swift; sourceTree = "<group>"; };
		6248B6242BC5F2ED003E695B /* LoadingView.swift */ = {isa = PBXFileReference; lastKnownFileType = sourcecode.swift; path = LoadingView.swift; sourceTree = "<group>"; };
		6248B6262BC5F4DD003E695B /* Collection.swift */ = {isa = PBXFileReference; lastKnownFileType = sourcecode.swift; path = Collection.swift; sourceTree = "<group>"; };
		624CEB782CDC2FF900DA3434 /* DeliverityViewController.swift */ = {isa = PBXFileReference; lastKnownFileType = sourcecode.swift; path = DeliverityViewController.swift; sourceTree = "<group>"; };
		624CEB7A2CDC2FFD00DA3434 /* DeliverityRouter.swift */ = {isa = PBXFileReference; lastKnownFileType = sourcecode.swift; path = DeliverityRouter.swift; sourceTree = "<group>"; };
		624CEB7C2CDC300500DA3434 /* DeliverityInteractor.swift */ = {isa = PBXFileReference; lastKnownFileType = sourcecode.swift; path = DeliverityInteractor.swift; sourceTree = "<group>"; };
		624CEB7E2CDC300C00DA3434 /* DeliverityPresenter.swift */ = {isa = PBXFileReference; lastKnownFileType = sourcecode.swift; path = DeliverityPresenter.swift; sourceTree = "<group>"; };
		625F4A852C14BAF70094D0AF /* ProductGroupCell.swift */ = {isa = PBXFileReference; lastKnownFileType = sourcecode.swift; path = ProductGroupCell.swift; sourceTree = "<group>"; };
		625F4A872C14C19A0094D0AF /* CategoryCell.swift */ = {isa = PBXFileReference; lastKnownFileType = sourcecode.swift; path = CategoryCell.swift; sourceTree = "<group>"; };
		6271F0802BCF5F54005CA19A /* Cart.xcdatamodel */ = {isa = PBXFileReference; lastKnownFileType = wrapper.xcdatamodel; path = Cart.xcdatamodel; sourceTree = "<group>"; };
		6271F0852BD0269C005CA19A /* ProductCellBuilder.swift */ = {isa = PBXFileReference; lastKnownFileType = sourcecode.swift; path = ProductCellBuilder.swift; sourceTree = "<group>"; };
		6271F0872BD051CE005CA19A /* CartViewController.swift */ = {isa = PBXFileReference; lastKnownFileType = sourcecode.swift; path = CartViewController.swift; sourceTree = "<group>"; };
		6271F0892BD051E2005CA19A /* CartPresenter.swift */ = {isa = PBXFileReference; lastKnownFileType = sourcecode.swift; path = CartPresenter.swift; sourceTree = "<group>"; };
		6271F08B2BD051EB005CA19A /* CartInteractor.swift */ = {isa = PBXFileReference; lastKnownFileType = sourcecode.swift; path = CartInteractor.swift; sourceTree = "<group>"; };
		6271F08D2BD051F5005CA19A /* CartRouter.swift */ = {isa = PBXFileReference; lastKnownFileType = sourcecode.swift; path = CartRouter.swift; sourceTree = "<group>"; };
		6271F0902BD08D4E005CA19A /* CartCellView.swift */ = {isa = PBXFileReference; lastKnownFileType = sourcecode.swift; path = CartCellView.swift; sourceTree = "<group>"; };
		6271F0922BD09303005CA19A /* CartCellInteractor.swift */ = {isa = PBXFileReference; lastKnownFileType = sourcecode.swift; path = CartCellInteractor.swift; sourceTree = "<group>"; };
		6271F0942BD093FA005CA19A /* CartCellPresenter.swift */ = {isa = PBXFileReference; lastKnownFileType = sourcecode.swift; path = CartCellPresenter.swift; sourceTree = "<group>"; };
		6271F0962BD09578005CA19A /* CartCellBuilder.swift */ = {isa = PBXFileReference; lastKnownFileType = sourcecode.swift; path = CartCellBuilder.swift; sourceTree = "<group>"; };
		628181772BCC51BC002DC3DE /* ProductCellPresenter.swift */ = {isa = PBXFileReference; lastKnownFileType = sourcecode.swift; path = ProductCellPresenter.swift; sourceTree = "<group>"; };
		628181792BCC5346002DC3DE /* ProductCellInteractor.swift */ = {isa = PBXFileReference; lastKnownFileType = sourcecode.swift; path = ProductCellInteractor.swift; sourceTree = "<group>"; };
		6281817B2BCC5A30002DC3DE /* ProductCellView.swift */ = {isa = PBXFileReference; lastKnownFileType = sourcecode.swift; path = ProductCellView.swift; sourceTree = "<group>"; };
		628181AD2BCC9FFB002DC3DE /* OpenSans-SemiBold.ttf */ = {isa = PBXFileReference; lastKnownFileType = file; path = "OpenSans-SemiBold.ttf"; sourceTree = "<group>"; };
		628181B32BCC9FFB002DC3DE /* OpenSans-Bold.ttf */ = {isa = PBXFileReference; lastKnownFileType = file; path = "OpenSans-Bold.ttf"; sourceTree = "<group>"; };
		629956F12CDEFB3200ADA9C4 /* AccountPageRouter.swift */ = {isa = PBXFileReference; lastKnownFileType = sourcecode.swift; path = AccountPageRouter.swift; sourceTree = "<group>"; };
		629956F32CDEFB3C00ADA9C4 /* AccountPageInteractor.swift */ = {isa = PBXFileReference; lastKnownFileType = sourcecode.swift; path = AccountPageInteractor.swift; sourceTree = "<group>"; };
		629956F62CDEFB4A00ADA9C4 /* AccountPagePresenter.swift */ = {isa = PBXFileReference; lastKnownFileType = sourcecode.swift; path = AccountPagePresenter.swift; sourceTree = "<group>"; };
		629956F82CDEFB5900ADA9C4 /* AccountPageViewController.swift */ = {isa = PBXFileReference; lastKnownFileType = sourcecode.swift; path = AccountPageViewController.swift; sourceTree = "<group>"; };
		629956FA2CDEFCA000ADA9C4 /* AccountPageEntity.swift */ = {isa = PBXFileReference; lastKnownFileType = sourcecode.swift; path = AccountPageEntity.swift; sourceTree = "<group>"; };
		629956FF2CDF03E900ADA9C4 /* UserInformationViewController.swift */ = {isa = PBXFileReference; lastKnownFileType = sourcecode.swift; path = UserInformationViewController.swift; sourceTree = "<group>"; };
		629957012CDF03F200ADA9C4 /* UserInformationPresenter.swift */ = {isa = PBXFileReference; lastKnownFileType = sourcecode.swift; path = UserInformationPresenter.swift; sourceTree = "<group>"; };
		629957032CDF03F900ADA9C4 /* UserInformationInteractor.swift */ = {isa = PBXFileReference; lastKnownFileType = sourcecode.swift; path = UserInformationInteractor.swift; sourceTree = "<group>"; };
		629957052CDF041000ADA9C4 /* UserInformationBuilder.swift */ = {isa = PBXFileReference; lastKnownFileType = sourcecode.swift; path = UserInformationBuilder.swift; sourceTree = "<group>"; };
		629957082CDFC6D900ADA9C4 /* EmailChangePresenter.swift */ = {isa = PBXFileReference; lastKnownFileType = sourcecode.swift; path = EmailChangePresenter.swift; sourceTree = "<group>"; };
		6299570C2CDFC6F900ADA9C4 /* EmailChangeInteractor.swift */ = {isa = PBXFileReference; lastKnownFileType = sourcecode.swift; path = EmailChangeInteractor.swift; sourceTree = "<group>"; };
		6299570E2CDFC70C00ADA9C4 /* EmailChangeViewController.swift */ = {isa = PBXFileReference; lastKnownFileType = sourcecode.swift; path = EmailChangeViewController.swift; sourceTree = "<group>"; };
		629957102CDFC7BC00ADA9C4 /* EmailChangeBuilder.swift */ = {isa = PBXFileReference; lastKnownFileType = sourcecode.swift; path = EmailChangeBuilder.swift; sourceTree = "<group>"; };
		629957132CE16D1400ADA9C4 /* PasswordChangeViewController.swift */ = {isa = PBXFileReference; lastKnownFileType = sourcecode.swift; path = PasswordChangeViewController.swift; sourceTree = "<group>"; };
		629957152CE16D1700ADA9C4 /* PasswordChangePresenter.swift */ = {isa = PBXFileReference; lastKnownFileType = sourcecode.swift; path = PasswordChangePresenter.swift; sourceTree = "<group>"; };
		629957172CE16D1F00ADA9C4 /* PasswordChangeInteractor.swift */ = {isa = PBXFileReference; lastKnownFileType = sourcecode.swift; path = PasswordChangeInteractor.swift; sourceTree = "<group>"; };
		629957192CE16D3000ADA9C4 /* PasswordChangeBuilder.swift */ = {isa = PBXFileReference; lastKnownFileType = sourcecode.swift; path = PasswordChangeBuilder.swift; sourceTree = "<group>"; };
		6299571D2CE173C700ADA9C4 /* PasswordChangeEntity.swift */ = {isa = PBXFileReference; lastKnownFileType = sourcecode.swift; path = PasswordChangeEntity.swift; sourceTree = "<group>"; };
		6299571F2CE1742500ADA9C4 /* PasswordChangeCell.swift */ = {isa = PBXFileReference; lastKnownFileType = sourcecode.swift; path = PasswordChangeCell.swift; sourceTree = "<group>"; };
		629957232CE1933B00ADA9C4 /* AddressEntity.swift */ = {isa = PBXFileReference; lastKnownFileType = sourcecode.swift; path = AddressEntity.swift; sourceTree = "<group>"; };
		629957262CE19C1E00ADA9C4 /* EmailChangeEntity.swift */ = {isa = PBXFileReference; lastKnownFileType = sourcecode.swift; path = EmailChangeEntity.swift; sourceTree = "<group>"; };
		629957282CE19C9400ADA9C4 /* EmailChangeCell.swift */ = {isa = PBXFileReference; lastKnownFileType = sourcecode.swift; path = EmailChangeCell.swift; sourceTree = "<group>"; };
		6299572C2CE1A34600ADA9C4 /* UserInformationEntity.swift */ = {isa = PBXFileReference; lastKnownFileType = sourcecode.swift; path = UserInformationEntity.swift; sourceTree = "<group>"; };
		6299572E2CE1A3D700ADA9C4 /* UserInformationCell.swift */ = {isa = PBXFileReference; lastKnownFileType = sourcecode.swift; path = UserInformationCell.swift; sourceTree = "<group>"; };
		629957322CE251D700ADA9C4 /* DecisionPopUpShowable.swift */ = {isa = PBXFileReference; lastKnownFileType = sourcecode.swift; path = DecisionPopUpShowable.swift; sourceTree = "<group>"; };
		629957362CE299DB00ADA9C4 /* AddressSaveViewController.swift */ = {isa = PBXFileReference; lastKnownFileType = sourcecode.swift; path = AddressSaveViewController.swift; sourceTree = "<group>"; };
		629957382CE299FC00ADA9C4 /* AddressSavePresenter.swift */ = {isa = PBXFileReference; lastKnownFileType = sourcecode.swift; path = AddressSavePresenter.swift; sourceTree = "<group>"; };
		6299573A2CE29A1D00ADA9C4 /* AddressSaveInteractor.swift */ = {isa = PBXFileReference; lastKnownFileType = sourcecode.swift; path = AddressSaveInteractor.swift; sourceTree = "<group>"; };
		6299573E2CE2A01F00ADA9C4 /* AddressSaveEntity.swift */ = {isa = PBXFileReference; lastKnownFileType = sourcecode.swift; path = AddressSaveEntity.swift; sourceTree = "<group>"; };
		629957402CE2A05D00ADA9C4 /* AddressSaveCell.swift */ = {isa = PBXFileReference; lastKnownFileType = sourcecode.swift; path = AddressSaveCell.swift; sourceTree = "<group>"; };
		629957422CE2E78B00ADA9C4 /* AddressSaveRouter.swift */ = {isa = PBXFileReference; lastKnownFileType = sourcecode.swift; path = AddressSaveRouter.swift; sourceTree = "<group>"; };
		62A1EF5C2CD59E2400642FAA /* UserService.swift */ = {isa = PBXFileReference; lastKnownFileType = sourcecode.swift; path = UserService.swift; sourceTree = "<group>"; };
		62A21B592CDD480000D21D5C /* MainTabBarController.swift */ = {isa = PBXFileReference; lastKnownFileType = sourcecode.swift; path = MainTabBarController.swift; sourceTree = "<group>"; };
		62A21B612CDD9D0600D21D5C /* AddressSelectionViewController.swift */ = {isa = PBXFileReference; lastKnownFileType = sourcecode.swift; path = AddressSelectionViewController.swift; sourceTree = "<group>"; };
		62A21B632CDD9D1A00D21D5C /* AddressSelectionPresenter.swift */ = {isa = PBXFileReference; lastKnownFileType = sourcecode.swift; path = AddressSelectionPresenter.swift; sourceTree = "<group>"; };
		62A21B652CDD9D2700D21D5C /* AddressSelectionInteractor.swift */ = {isa = PBXFileReference; lastKnownFileType = sourcecode.swift; path = AddressSelectionInteractor.swift; sourceTree = "<group>"; };
		62A21B672CDD9D4000D21D5C /* AddressSelectionRouter.swift */ = {isa = PBXFileReference; lastKnownFileType = sourcecode.swift; path = AddressSelectionRouter.swift; sourceTree = "<group>"; };
		62A21B692CDDA1F700D21D5C /* AddressCell.swift */ = {isa = PBXFileReference; lastKnownFileType = sourcecode.swift; path = AddressCell.swift; sourceTree = "<group>"; };
		62A21B6C2CDE12B300D21D5C /* AddressCreateViewController.swift */ = {isa = PBXFileReference; lastKnownFileType = sourcecode.swift; path = AddressCreateViewController.swift; sourceTree = "<group>"; };
		62A21B6E2CDE12B700D21D5C /* AddressCreatePresenter.swift */ = {isa = PBXFileReference; lastKnownFileType = sourcecode.swift; path = AddressCreatePresenter.swift; sourceTree = "<group>"; };
		62A21B702CDE12BF00D21D5C /* AddressCreateRouter.swift */ = {isa = PBXFileReference; lastKnownFileType = sourcecode.swift; path = AddressCreateRouter.swift; sourceTree = "<group>"; };
		62A5985B2CD2C54A00BA4879 /* AuthenticationRouter.swift */ = {isa = PBXFileReference; lastKnownFileType = sourcecode.swift; path = AuthenticationRouter.swift; sourceTree = "<group>"; };
		62A5985E2CD2C57600BA4879 /* AuthenticationViewController.swift */ = {isa = PBXFileReference; lastKnownFileType = sourcecode.swift; path = AuthenticationViewController.swift; sourceTree = "<group>"; };
		62A598622CD2C59000BA4879 /* AuthenticationPresenter.swift */ = {isa = PBXFileReference; lastKnownFileType = sourcecode.swift; path = AuthenticationPresenter.swift; sourceTree = "<group>"; };
		62A598642CD2C59C00BA4879 /* AuthenticationEntity.swift */ = {isa = PBXFileReference; lastKnownFileType = sourcecode.swift; path = AuthenticationEntity.swift; sourceTree = "<group>"; };
		62A598692CD2CECF00BA4879 /* AuthenticationInteractor.swift */ = {isa = PBXFileReference; lastKnownFileType = sourcecode.swift; path = AuthenticationInteractor.swift; sourceTree = "<group>"; };
		62AA580C2BCD80DE0022DD59 /* CustomNavigationBarView.swift */ = {isa = PBXFileReference; lastKnownFileType = sourcecode.swift; path = CustomNavigationBarView.swift; sourceTree = "<group>"; };
		62AA580E2BCD811A0022DD59 /* CustomNavigationController.swift */ = {isa = PBXFileReference; lastKnownFileType = sourcecode.swift; path = CustomNavigationController.swift; sourceTree = "<group>"; };
		62AA58102BCDD7FF0022DD59 /* Main.storyboard */ = {isa = PBXFileReference; fileEncoding = 4; lastKnownFileType = file.storyboard; path = Main.storyboard; sourceTree = "<group>"; };
		62BD93232BC47E78007E122C /* Market.app */ = {isa = PBXFileReference; explicitFileType = wrapper.application; includeInIndex = 0; path = Market.app; sourceTree = BUILT_PRODUCTS_DIR; };
		62BD93262BC47E78007E122C /* AppDelegate.swift */ = {isa = PBXFileReference; lastKnownFileType = sourcecode.swift; path = AppDelegate.swift; sourceTree = "<group>"; };
		62BD93282BC47E78007E122C /* SceneDelegate.swift */ = {isa = PBXFileReference; lastKnownFileType = sourcecode.swift; path = SceneDelegate.swift; sourceTree = "<group>"; };
		62BD932F2BC47E79007E122C /* Assets.xcassets */ = {isa = PBXFileReference; lastKnownFileType = folder.assetcatalog; path = Assets.xcassets; sourceTree = "<group>"; };
		62BD93342BC47E79007E122C /* Info.plist */ = {isa = PBXFileReference; lastKnownFileType = text.plist.xml; path = Info.plist; sourceTree = "<group>"; };
		62BD93622BC48192007E122C /* SplashViewController.swift */ = {isa = PBXFileReference; lastKnownFileType = sourcecode.swift; path = SplashViewController.swift; sourceTree = "<group>"; };
		62BD93642BC481CD007E122C /* SplashInteractor.swift */ = {isa = PBXFileReference; lastKnownFileType = sourcecode.swift; path = SplashInteractor.swift; sourceTree = "<group>"; };
		62BD93672BC4827C007E122C /* SplashPresenter.swift */ = {isa = PBXFileReference; lastKnownFileType = sourcecode.swift; path = SplashPresenter.swift; sourceTree = "<group>"; };
		62BD93692BC482F6007E122C /* SplashRouter.swift */ = {isa = PBXFileReference; lastKnownFileType = sourcecode.swift; path = SplashRouter.swift; sourceTree = "<group>"; };
		62BD936B2BC494FE007E122C /* ProductListingViewController.swift */ = {isa = PBXFileReference; lastKnownFileType = sourcecode.swift; path = ProductListingViewController.swift; sourceTree = "<group>"; };
		62BD936D2BC49641007E122C /* ProductListingPresenter.swift */ = {isa = PBXFileReference; lastKnownFileType = sourcecode.swift; path = ProductListingPresenter.swift; sourceTree = "<group>"; };
		62C5E6402CD5A69300CF4AC3 /* GoogleService-Info.plist */ = {isa = PBXFileReference; lastKnownFileType = text.plist.xml; path = "GoogleService-Info.plist"; sourceTree = "<group>"; };
		62D767032BC72D360070A83F /* SectionDecorations.swift */ = {isa = PBXFileReference; lastKnownFileType = sourcecode.swift; path = SectionDecorations.swift; sourceTree = "<group>"; };
		62EF7FD02BCB5B5F008DF702 /* ProductDetailViewController.swift */ = {isa = PBXFileReference; lastKnownFileType = sourcecode.swift; path = ProductDetailViewController.swift; sourceTree = "<group>"; };
		62EF7FD22BCB5B93008DF702 /* ProductDetailInteractor.swift */ = {isa = PBXFileReference; lastKnownFileType = sourcecode.swift; path = ProductDetailInteractor.swift; sourceTree = "<group>"; };
		62EF7FD42BCB5BA4008DF702 /* ProductDetailPresenter.swift */ = {isa = PBXFileReference; lastKnownFileType = sourcecode.swift; path = ProductDetailPresenter.swift; sourceTree = "<group>"; };
		62EF7FD62BCB5BC5008DF702 /* ProductDetailRouter.swift */ = {isa = PBXFileReference; lastKnownFileType = sourcecode.swift; path = ProductDetailRouter.swift; sourceTree = "<group>"; };
		62F990032BD31D0D00E76608 /* ProductService.swift */ = {isa = PBXFileReference; lastKnownFileType = sourcecode.swift; path = ProductService.swift; sourceTree = "<group>"; };
/* End PBXFileReference section */

/* Begin PBXFrameworksBuildPhase section */
		62BD93202BC47E78007E122C /* Frameworks */ = {
			isa = PBXFrameworksBuildPhase;
			buildActionMask = 2147483647;
			files = (
				62C5E63F2CD5A31C00CF4AC3 /* KeychainAccess in Frameworks */,
				62A5986D2CD2D12B00BA4879 /* Kingfisher in Frameworks */,
				62A598682CD2C6EA00BA4879 /* SnapKit in Frameworks */,
				62030FFB2CD6CA6D00B0F39B /* MarketFirebaseService in Frameworks */,
			);
			runOnlyForDeploymentPostprocessing = 0;
		};
/* End PBXFrameworksBuildPhase section */

/* Begin PBXGroup section */
		6217B5932BD585B8001FB16E /* CoreData */ = {
			isa = PBXGroup;
			children = (
				6271F07F2BCF5F54005CA19A /* Cart.xcdatamodeld */,
				6217B5942BD58617001FB16E /* CoreDataStack.swift */,
				624134142BCC13A7002AD5C7 /* DataManager.swift */,
			);
			path = CoreData;
			sourceTree = "<group>";
		};
		6217B5962BD58644001FB16E /* Services */ = {
			isa = PBXGroup;
			children = (
				62A1EF5C2CD59E2400642FAA /* UserService.swift */,
				62F990032BD31D0D00E76608 /* ProductService.swift */,
				6217B5992BD597B3001FB16E /* CartService.swift */,
			);
			path = Services;
			sourceTree = "<group>";
		};
		6217B59D2BD69DED001FB16E /* Cells */ = {
			isa = PBXGroup;
			children = (
				6217B59E2BD69DF5001FB16E /* SuggestedCell */,
				6271F08F2BD077CE005CA19A /* CartCell */,
			);
			path = Cells;
			sourceTree = "<group>";
		};
		6217B59E2BD69DF5001FB16E /* SuggestedCell */ = {
			isa = PBXGroup;
			children = (
				6217B59F2BD69E19001FB16E /* SuggestedCellView.swift */,
				6217B5A12BD69E66001FB16E /* SuggestedCellPresenter.swift */,
				6217B5A32BD69E9D001FB16E /* SuggestedCellInteractor.swift */,
				6217B5A52BD69ED8001FB16E /* SuggestedCellBuilder.swift */,
			);
			path = SuggestedCell;
			sourceTree = "<group>";
		};
		6248B6212BC5F23B003E695B /* ProductCell */ = {
			isa = PBXGroup;
			children = (
				6281817B2BCC5A30002DC3DE /* ProductCellView.swift */,
				628181792BCC5346002DC3DE /* ProductCellInteractor.swift */,
				628181772BCC51BC002DC3DE /* ProductCellPresenter.swift */,
				6271F0852BD0269C005CA19A /* ProductCellBuilder.swift */,
			);
			path = ProductCell;
			sourceTree = "<group>";
		};
		624CEB772CDC2FE400DA3434 /* Home */ = {
			isa = PBXGroup;
			children = (
				629957442CE2F6F700ADA9C4 /* Deliverity */,
				629957342CE296A300ADA9C4 /* Address */,
			);
			path = Home;
			sourceTree = "<group>";
		};
		6271F08F2BD077CE005CA19A /* CartCell */ = {
			isa = PBXGroup;
			children = (
				6271F0902BD08D4E005CA19A /* CartCellView.swift */,
				6271F0922BD09303005CA19A /* CartCellInteractor.swift */,
				6271F0942BD093FA005CA19A /* CartCellPresenter.swift */,
				6271F0962BD09578005CA19A /* CartCellBuilder.swift */,
			);
			path = CartCell;
			sourceTree = "<group>";
		};
		628181832BCC9F47002DC3DE /* Font */ = {
			isa = PBXGroup;
			children = (
				628181B32BCC9FFB002DC3DE /* OpenSans-Bold.ttf */,
				628181AD2BCC9FFB002DC3DE /* OpenSans-SemiBold.ttf */,
			);
			path = Font;
			sourceTree = "<group>";
		};
		628507E12C1689AE009E36A5 /* Cells */ = {
			isa = PBXGroup;
			children = (
				6248B6212BC5F23B003E695B /* ProductCell */,
				625F4A852C14BAF70094D0AF /* ProductGroupCell.swift */,
				625F4A872C14C19A0094D0AF /* CategoryCell.swift */,
			);
			path = Cells;
			sourceTree = "<group>";
		};
		629956F02CDEFB0200ADA9C4 /* Account */ = {
			isa = PBXGroup;
			children = (
				629957252CE1984B00ADA9C4 /* AccountSettingsPage */,
				629957122CE0446F00ADA9C4 /* PasswordChange */,
				629957072CDFC6D000ADA9C4 /* EmailChange */,
				629956FE2CDF03D700ADA9C4 /* UserInformation */,
			);
			path = Account;
			sourceTree = "<group>";
		};
		629956FE2CDF03D700ADA9C4 /* UserInformation */ = {
			isa = PBXGroup;
			children = (
				6299572E2CE1A3D700ADA9C4 /* UserInformationCell.swift */,
				6299572C2CE1A34600ADA9C4 /* UserInformationEntity.swift */,
				629957052CDF041000ADA9C4 /* UserInformationBuilder.swift */,
				629957032CDF03F900ADA9C4 /* UserInformationInteractor.swift */,
				629957012CDF03F200ADA9C4 /* UserInformationPresenter.swift */,
				629956FF2CDF03E900ADA9C4 /* UserInformationViewController.swift */,
			);
			path = UserInformation;
			sourceTree = "<group>";
		};
		629957072CDFC6D000ADA9C4 /* EmailChange */ = {
			isa = PBXGroup;
			children = (
				629957282CE19C9400ADA9C4 /* EmailChangeCell.swift */,
				629957262CE19C1E00ADA9C4 /* EmailChangeEntity.swift */,
				629957102CDFC7BC00ADA9C4 /* EmailChangeBuilder.swift */,
				6299570C2CDFC6F900ADA9C4 /* EmailChangeInteractor.swift */,
				629957082CDFC6D900ADA9C4 /* EmailChangePresenter.swift */,
				6299570E2CDFC70C00ADA9C4 /* EmailChangeViewController.swift */,
			);
			path = EmailChange;
			sourceTree = "<group>";
		};
		629957122CE0446F00ADA9C4 /* PasswordChange */ = {
			isa = PBXGroup;
			children = (
				6299571F2CE1742500ADA9C4 /* PasswordChangeCell.swift */,
				6299571D2CE173C700ADA9C4 /* PasswordChangeEntity.swift */,
				629957192CE16D3000ADA9C4 /* PasswordChangeBuilder.swift */,
				629957172CE16D1F00ADA9C4 /* PasswordChangeInteractor.swift */,
				629957152CE16D1700ADA9C4 /* PasswordChangePresenter.swift */,
				629957132CE16D1400ADA9C4 /* PasswordChangeViewController.swift */,
			);
			path = PasswordChange;
			sourceTree = "<group>";
		};
		629957252CE1984B00ADA9C4 /* AccountSettingsPage */ = {
			isa = PBXGroup;
			children = (
				629956FA2CDEFCA000ADA9C4 /* AccountPageEntity.swift */,
				629956F62CDEFB4A00ADA9C4 /* AccountPagePresenter.swift */,
				629956F32CDEFB3C00ADA9C4 /* AccountPageInteractor.swift */,
				629956F12CDEFB3200ADA9C4 /* AccountPageRouter.swift */,
				629956F82CDEFB5900ADA9C4 /* AccountPageViewController.swift */,
			);
			path = AccountSettingsPage;
			sourceTree = "<group>";
		};
		629957342CE296A300ADA9C4 /* Address */ = {
			isa = PBXGroup;
			children = (
				629957352CE299B000ADA9C4 /* AddressSave */,
				62A21B6B2CDE111400D21D5C /* AddressCreate */,
				62A21B602CDD9CE000D21D5C /* AddressSelection */,
			);
			path = Address;
			sourceTree = "<group>";
		};
		629957352CE299B000ADA9C4 /* AddressSave */ = {
			isa = PBXGroup;
			children = (
				629957422CE2E78B00ADA9C4 /* AddressSaveRouter.swift */,
				629957402CE2A05D00ADA9C4 /* AddressSaveCell.swift */,
				6299573E2CE2A01F00ADA9C4 /* AddressSaveEntity.swift */,
				6299573A2CE29A1D00ADA9C4 /* AddressSaveInteractor.swift */,
				629957382CE299FC00ADA9C4 /* AddressSavePresenter.swift */,
				629957362CE299DB00ADA9C4 /* AddressSaveViewController.swift */,
			);
			path = AddressSave;
			sourceTree = "<group>";
		};
		629957442CE2F6F700ADA9C4 /* Deliverity */ = {
			isa = PBXGroup;
			children = (
				624CEB7E2CDC300C00DA3434 /* DeliverityPresenter.swift */,
				624CEB7C2CDC300500DA3434 /* DeliverityInteractor.swift */,
				624CEB7A2CDC2FFD00DA3434 /* DeliverityRouter.swift */,
				624CEB782CDC2FF900DA3434 /* DeliverityViewController.swift */,
			);
			path = Deliverity;
			sourceTree = "<group>";
		};
		629957462CE2FB1500ADA9C4 /* Main */ = {
			isa = PBXGroup;
			children = (
				62A21B592CDD480000D21D5C /* MainTabBarController.swift */,
				624CEB772CDC2FE400DA3434 /* Home */,
				629956F02CDEFB0200ADA9C4 /* Account */,
			);
			path = Main;
			sourceTree = "<group>";
		};
		62A21B602CDD9CE000D21D5C /* AddressSelection */ = {
			isa = PBXGroup;
			children = (
				629957232CE1933B00ADA9C4 /* AddressEntity.swift */,
				62A21B692CDDA1F700D21D5C /* AddressCell.swift */,
				62A21B672CDD9D4000D21D5C /* AddressSelectionRouter.swift */,
				62A21B652CDD9D2700D21D5C /* AddressSelectionInteractor.swift */,
				62A21B632CDD9D1A00D21D5C /* AddressSelectionPresenter.swift */,
				62A21B612CDD9D0600D21D5C /* AddressSelectionViewController.swift */,
			);
			path = AddressSelection;
			sourceTree = "<group>";
		};
		62A21B6B2CDE111400D21D5C /* AddressCreate */ = {
			isa = PBXGroup;
			children = (
				62A21B702CDE12BF00D21D5C /* AddressCreateRouter.swift */,
				62A21B6E2CDE12B700D21D5C /* AddressCreatePresenter.swift */,
				62A21B6C2CDE12B300D21D5C /* AddressCreateViewController.swift */,
			);
			path = AddressCreate;
			sourceTree = "<group>";
		};
		62A5985A2CD2C53900BA4879 /* Authentication */ = {
			isa = PBXGroup;
			children = (
				62A598692CD2CECF00BA4879 /* AuthenticationInteractor.swift */,
				62A598642CD2C59C00BA4879 /* AuthenticationEntity.swift */,
				62A598622CD2C59000BA4879 /* AuthenticationPresenter.swift */,
				62A5985B2CD2C54A00BA4879 /* AuthenticationRouter.swift */,
				62A5985E2CD2C57600BA4879 /* AuthenticationViewController.swift */,
			);
			path = Authentication;
			sourceTree = "<group>";
		};
		62AA580B2BCD80BD0022DD59 /* NavigationBar */ = {
			isa = PBXGroup;
			children = (
				62AA580C2BCD80DE0022DD59 /* CustomNavigationBarView.swift */,
				62AA580E2BCD811A0022DD59 /* CustomNavigationController.swift */,
			);
			path = NavigationBar;
			sourceTree = "<group>";
		};
		62BD931A2BC47E78007E122C = {
			isa = PBXGroup;
			children = (
				62BD93252BC47E78007E122C /* Market-App */,
				62BD93242BC47E78007E122C /* Products */,
			);
			sourceTree = "<group>";
		};
		62BD93242BC47E78007E122C /* Products */ = {
			isa = PBXGroup;
			children = (
				62BD93232BC47E78007E122C /* Market.app */,
			);
			name = Products;
			sourceTree = "<group>";
		};
		62BD93252BC47E78007E122C /* Market-App */ = {
			isa = PBXGroup;
			children = (
				6217B5962BD58644001FB16E /* Services */,
				6217B5932BD585B8001FB16E /* CoreData */,
				62BD935D2BC47FE9007E122C /* Extensions */,
				62BD935E2BC47FF2007E122C /* Utils */,
				62BD935C2BC47FDE007E122C /* Resources */,
				62BD93582BC47F8C007E122C /* Modules */,
				62BD93562BC47F59007E122C /* App */,
			);
			path = "Market-App";
			sourceTree = "<group>";
		};
		62BD93562BC47F59007E122C /* App */ = {
			isa = PBXGroup;
			children = (
				62AA58102BCDD7FF0022DD59 /* Main.storyboard */,
				62BD93342BC47E79007E122C /* Info.plist */,
				62BD93262BC47E78007E122C /* AppDelegate.swift */,
				62BD93282BC47E78007E122C /* SceneDelegate.swift */,
				62C5E6402CD5A69300CF4AC3 /* GoogleService-Info.plist */,
			);
			path = App;
			sourceTree = "<group>";
		};
		62BD93572BC47F83007E122C /* SplashScreen */ = {
			isa = PBXGroup;
			children = (
				62BD93622BC48192007E122C /* SplashViewController.swift */,
				62BD93642BC481CD007E122C /* SplashInteractor.swift */,
				62BD93672BC4827C007E122C /* SplashPresenter.swift */,
				62BD93692BC482F6007E122C /* SplashRouter.swift */,
			);
			path = SplashScreen;
			sourceTree = "<group>";
		};
		62BD93582BC47F8C007E122C /* Modules */ = {
			isa = PBXGroup;
			children = (
				629957462CE2FB1500ADA9C4 /* Main */,
				62A5985A2CD2C53900BA4879 /* Authentication */,
				62BD93592BC47FA7007E122C /* ProductListing */,
				62BD935B2BC47FBE007E122C /* ProductDetail */,
				62BD935A2BC47FB3007E122C /* Cart */,
				62AA580B2BCD80BD0022DD59 /* NavigationBar */,
				62BD93572BC47F83007E122C /* SplashScreen */,
			);
			path = Modules;
			sourceTree = "<group>";
		};
		62BD93592BC47FA7007E122C /* ProductListing */ = {
			isa = PBXGroup;
			children = (
				628507E12C1689AE009E36A5 /* Cells */,
				62BD936B2BC494FE007E122C /* ProductListingViewController.swift */,
				622999E42BC5B9FB004941FF /* ProductListingInteractor.swift */,
				62BD936D2BC49641007E122C /* ProductListingPresenter.swift */,
				622999E22BC5B92B004941FF /* ProductListingEntity.swift */,
				622999E62BC5BA22004941FF /* ProductListingRouter.swift */,
			);
			path = ProductListing;
			sourceTree = "<group>";
		};
		62BD935A2BC47FB3007E122C /* Cart */ = {
			isa = PBXGroup;
			children = (
				6217B59D2BD69DED001FB16E /* Cells */,
				6271F0872BD051CE005CA19A /* CartViewController.swift */,
				6271F08B2BD051EB005CA19A /* CartInteractor.swift */,
				6271F0892BD051E2005CA19A /* CartPresenter.swift */,
				6271F08D2BD051F5005CA19A /* CartRouter.swift */,
			);
			path = Cart;
			sourceTree = "<group>";
		};
		62BD935B2BC47FBE007E122C /* ProductDetail */ = {
			isa = PBXGroup;
			children = (
				62EF7FD02BCB5B5F008DF702 /* ProductDetailViewController.swift */,
				62EF7FD22BCB5B93008DF702 /* ProductDetailInteractor.swift */,
				62EF7FD42BCB5BA4008DF702 /* ProductDetailPresenter.swift */,
				62EF7FD62BCB5BC5008DF702 /* ProductDetailRouter.swift */,
			);
			path = ProductDetail;
			sourceTree = "<group>";
		};
		62BD935C2BC47FDE007E122C /* Resources */ = {
			isa = PBXGroup;
			children = (
				62BD932F2BC47E79007E122C /* Assets.xcassets */,
				628181832BCC9F47002DC3DE /* Font */,
			);
			path = Resources;
			sourceTree = "<group>";
		};
		62BD935D2BC47FE9007E122C /* Extensions */ = {
			isa = PBXGroup;
			children = (
				6248B6262BC5F4DD003E695B /* Collection.swift */,
			);
			path = Extensions;
			sourceTree = "<group>";
		};
		62BD935E2BC47FF2007E122C /* Utils */ = {
			isa = PBXGroup;
			children = (
				6248B6242BC5F2ED003E695B /* LoadingView.swift */,
				629957322CE251D700ADA9C4 /* DecisionPopUpShowable.swift */,
				62D767032BC72D360070A83F /* SectionDecorations.swift */,
				6217B5A72BD6D63C001FB16E /* ConfirmationDialogue.swift */,
				6217B5A92BD7F09D001FB16E /* InfoPopUpShowable.swift */,
				623093E92BD9061C00C8E408 /* CollectionViewLayouts.swift */,
			);
			path = Utils;
			sourceTree = "<group>";
		};
/* End PBXGroup section */

/* Begin PBXNativeTarget section */
		62BD93222BC47E78007E122C /* Market-App */ = {
			isa = PBXNativeTarget;
			buildConfigurationList = 62BD934D2BC47E79007E122C /* Build configuration list for PBXNativeTarget "Market-App" */;
			buildPhases = (
				62BD931F2BC47E78007E122C /* Sources */,
				62BD93202BC47E78007E122C /* Frameworks */,
				62BD93212BC47E78007E122C /* Resources */,
			);
			buildRules = (
			);
			dependencies = (
			);
			name = "Market-App";
			packageProductDependencies = (
				62A598672CD2C6EA00BA4879 /* SnapKit */,
				62A5986C2CD2D12B00BA4879 /* Kingfisher */,
				62C5E63E2CD5A31C00CF4AC3 /* KeychainAccess */,
				62030FFA2CD6CA6D00B0F39B /* MarketFirebaseService */,
			);
			productName = "Getir-Final-Case";
			productReference = 62BD93232BC47E78007E122C /* Market.app */;
			productType = "com.apple.product-type.application";
		};
/* End PBXNativeTarget section */

/* Begin PBXProject section */
		62BD931B2BC47E78007E122C /* Project object */ = {
			isa = PBXProject;
			attributes = {
				BuildIndependentTargetsInParallel = 1;
				LastSwiftUpdateCheck = 1520;
				LastUpgradeCheck = 1520;
				TargetAttributes = {
					62BD93222BC47E78007E122C = {
						CreatedOnToolsVersion = 15.2;
					};
				};
			};
			buildConfigurationList = 62BD931E2BC47E78007E122C /* Build configuration list for PBXProject "Market-App" */;
			compatibilityVersion = "Xcode 14.0";
			developmentRegion = en;
			hasScannedForEncodings = 0;
			knownRegions = (
				en,
				Base,
			);
			mainGroup = 62BD931A2BC47E78007E122C;
			packageReferences = (
				62A598662CD2C6EA00BA4879 /* XCRemoteSwiftPackageReference "SnapKit" */,
				62A5986B2CD2D12B00BA4879 /* XCRemoteSwiftPackageReference "Kingfisher" */,
				62A1EF592CD59E1600642FAA /* XCLocalSwiftPackageReference "MarketFirebaseService" */,
				62C5E63D2CD5A31C00CF4AC3 /* XCRemoteSwiftPackageReference "KeychainAccess" */,
			);
			productRefGroup = 62BD93242BC47E78007E122C /* Products */;
			projectDirPath = "";
			projectRoot = "";
			targets = (
				62BD93222BC47E78007E122C /* Market-App */,
			);
		};
/* End PBXProject section */

/* Begin PBXResourcesBuildPhase section */
		62BD93212BC47E78007E122C /* Resources */ = {
			isa = PBXResourcesBuildPhase;
			buildActionMask = 2147483647;
			files = (
				628181B92BCC9FFB002DC3DE /* OpenSans-SemiBold.ttf in Resources */,
				62BD93302BC47E79007E122C /* Assets.xcassets in Resources */,
				62C5E6412CD5A69300CF4AC3 /* GoogleService-Info.plist in Resources */,
				62AA58112BCDD7FF0022DD59 /* Main.storyboard in Resources */,
				628181BF2BCC9FFB002DC3DE /* OpenSans-Bold.ttf in Resources */,
			);
			runOnlyForDeploymentPostprocessing = 0;
		};
/* End PBXResourcesBuildPhase section */

/* Begin PBXSourcesBuildPhase section */
		62BD931F2BC47E78007E122C /* Sources */ = {
			isa = PBXSourcesBuildPhase;
			buildActionMask = 2147483647;
			files = (
				62A5985F2CD2C57600BA4879 /* AuthenticationViewController.swift in Sources */,
				62A21B682CDD9D4400D21D5C /* AddressSelectionRouter.swift in Sources */,
				62A21B622CDD9D0600D21D5C /* AddressSelectionViewController.swift in Sources */,
				629957002CDF03E900ADA9C4 /* UserInformationViewController.swift in Sources */,
				629957092CDFC6DF00ADA9C4 /* EmailChangePresenter.swift in Sources */,
				62A21B6D2CDE12B300D21D5C /* AddressCreateViewController.swift in Sources */,
				629957432CE2E78F00ADA9C4 /* AddressSaveRouter.swift in Sources */,
				622999E72BC5BA22004941FF /* ProductListingRouter.swift in Sources */,
				625F4A882C14C19A0094D0AF /* CategoryCell.swift in Sources */,
				629957162CE16D1C00ADA9C4 /* PasswordChangePresenter.swift in Sources */,
				6271F0812BCF5F54005CA19A /* Cart.xcdatamodeld in Sources */,
				629957062CDF041700ADA9C4 /* UserInformationBuilder.swift in Sources */,
				6299570D2CDFC6FF00ADA9C4 /* EmailChangeInteractor.swift in Sources */,
				6248B6272BC5F4DD003E695B /* Collection.swift in Sources */,
				6299572F2CE1A3DC00ADA9C4 /* UserInformationCell.swift in Sources */,
				629957272CE19C2500ADA9C4 /* EmailChangeEntity.swift in Sources */,
				622999E32BC5B92B004941FF /* ProductListingEntity.swift in Sources */,
				623093EA2BD9061C00C8E408 /* CollectionViewLayouts.swift in Sources */,
				62A5985C2CD2C55300BA4879 /* AuthenticationRouter.swift in Sources */,
				629956F22CDEFB3600ADA9C4 /* AccountPageRouter.swift in Sources */,
				629956FB2CDEFCA300ADA9C4 /* AccountPageEntity.swift in Sources */,
				62AA580D2BCD80DE0022DD59 /* CustomNavigationBarView.swift in Sources */,
				62AA580F2BCD811A0022DD59 /* CustomNavigationController.swift in Sources */,
				62BD936C2BC494FE007E122C /* ProductListingViewController.swift in Sources */,
				6271F08A2BD051E2005CA19A /* CartPresenter.swift in Sources */,
				6217B5A22BD69E66001FB16E /* SuggestedCellPresenter.swift in Sources */,
				6217B5A82BD6D63C001FB16E /* ConfirmationDialogue.swift in Sources */,
				62A21B662CDD9D2E00D21D5C /* AddressSelectionInteractor.swift in Sources */,
				62F990042BD31D0D00E76608 /* ProductService.swift in Sources */,
				6281817A2BCC5346002DC3DE /* ProductCellInteractor.swift in Sources */,
				62A5986A2CD2CED900BA4879 /* AuthenticationInteractor.swift in Sources */,
				62EF7FD72BCB5BC5008DF702 /* ProductDetailRouter.swift in Sources */,
				62BD936A2BC482F6007E122C /* SplashRouter.swift in Sources */,
				6248B6252BC5F2ED003E695B /* LoadingView.swift in Sources */,
				629956F92CDEFB5900ADA9C4 /* AccountPageViewController.swift in Sources */,
				629957022CDF03F600ADA9C4 /* UserInformationPresenter.swift in Sources */,
				62A21B6F2CDE12BB00D21D5C /* AddressCreatePresenter.swift in Sources */,
				629957332CE251DF00ADA9C4 /* DecisionPopUpShowable.swift in Sources */,
				629957412CE2A06100ADA9C4 /* AddressSaveCell.swift in Sources */,
				6271F0932BD09303005CA19A /* CartCellInteractor.swift in Sources */,
				6217B5A02BD69E19001FB16E /* SuggestedCellView.swift in Sources */,
				629956F72CDEFB4D00ADA9C4 /* AccountPagePresenter.swift in Sources */,
				6281817C2BCC5A30002DC3DE /* ProductCellView.swift in Sources */,
				624134152BCC13A7002AD5C7 /* DataManager.swift in Sources */,
				62BD93682BC4827C007E122C /* SplashPresenter.swift in Sources */,
				62BD93652BC481CD007E122C /* SplashInteractor.swift in Sources */,
				622999E52BC5B9FB004941FF /* ProductListingInteractor.swift in Sources */,
				62A21B5A2CDD480000D21D5C /* MainTabBarController.swift in Sources */,
				629957112CDFC7C000ADA9C4 /* EmailChangeBuilder.swift in Sources */,
				624CEB7D2CDC300900DA3434 /* DeliverityInteractor.swift in Sources */,
				6217B5A42BD69E9D001FB16E /* SuggestedCellInteractor.swift in Sources */,
				625F4A862C14BAF70094D0AF /* ProductGroupCell.swift in Sources */,
				62D767042BC72D360070A83F /* SectionDecorations.swift in Sources */,
				6217B5AA2BD7F09D001FB16E /* InfoPopUpShowable.swift in Sources */,
				62BD93272BC47E78007E122C /* AppDelegate.swift in Sources */,
				624CEB7F2CDC300F00DA3434 /* DeliverityPresenter.swift in Sources */,
				629957372CE299DB00ADA9C4 /* AddressSaveViewController.swift in Sources */,
				629957042CDF040700ADA9C4 /* UserInformationInteractor.swift in Sources */,
				629957182CE16D2700ADA9C4 /* PasswordChangeInteractor.swift in Sources */,
				62A21B712CDE12C300D21D5C /* AddressCreateRouter.swift in Sources */,
				6299571E2CE173CF00ADA9C4 /* PasswordChangeEntity.swift in Sources */,
				62A1EF5D2CD59E2700642FAA /* UserService.swift in Sources */,
				6271F08C2BD051EB005CA19A /* CartInteractor.swift in Sources */,
				6217B59A2BD597B3001FB16E /* CartService.swift in Sources */,
				62BD936E2BC49641007E122C /* ProductListingPresenter.swift in Sources */,
				629957292CE19C9800ADA9C4 /* EmailChangeCell.swift in Sources */,
				6271F0862BD0269C005CA19A /* ProductCellBuilder.swift in Sources */,
				629956F42CDEFB4000ADA9C4 /* AccountPageInteractor.swift in Sources */,
				6271F08E2BD051F5005CA19A /* CartRouter.swift in Sources */,
				62EF7FD12BCB5B5F008DF702 /* ProductDetailViewController.swift in Sources */,
				629957142CE16D1400ADA9C4 /* PasswordChangeViewController.swift in Sources */,
				6217B5952BD58617001FB16E /* CoreDataStack.swift in Sources */,
				629957202CE1742900ADA9C4 /* PasswordChangeCell.swift in Sources */,
				62BD93292BC47E78007E122C /* SceneDelegate.swift in Sources */,
				6299573F2CE2A02300ADA9C4 /* AddressSaveEntity.swift in Sources */,
				6299572D2CE1A34B00ADA9C4 /* UserInformationEntity.swift in Sources */,
				624CEB792CDC2FF900DA3434 /* DeliverityViewController.swift in Sources */,
				62BD93632BC48192007E122C /* SplashViewController.swift in Sources */,
				62A21B6A2CDDA1FB00D21D5C /* AddressCell.swift in Sources */,
				62EF7FD52BCB5BA4008DF702 /* ProductDetailPresenter.swift in Sources */,
				62A21B642CDD9D2100D21D5C /* AddressSelectionPresenter.swift in Sources */,
				62A598632CD2C59700BA4879 /* AuthenticationPresenter.swift in Sources */,
				6271F0882BD051CE005CA19A /* CartViewController.swift in Sources */,
				6271F0912BD08D4E005CA19A /* CartCellView.swift in Sources */,
				629957242CE1933F00ADA9C4 /* AddressEntity.swift in Sources */,
				62A598652CD2C5A200BA4879 /* AuthenticationEntity.swift in Sources */,
				6217B5A62BD69ED8001FB16E /* SuggestedCellBuilder.swift in Sources */,
				6271F0972BD09578005CA19A /* CartCellBuilder.swift in Sources */,
				6299571A2CE16D3500ADA9C4 /* PasswordChangeBuilder.swift in Sources */,
				628181782BCC51BC002DC3DE /* ProductCellPresenter.swift in Sources */,
				6299573B2CE29A3000ADA9C4 /* AddressSaveInteractor.swift in Sources */,
				6299570F2CDFC70C00ADA9C4 /* EmailChangeViewController.swift in Sources */,
				62EF7FD32BCB5B93008DF702 /* ProductDetailInteractor.swift in Sources */,
				6271F0952BD093FA005CA19A /* CartCellPresenter.swift in Sources */,
				629957392CE29A0100ADA9C4 /* AddressSavePresenter.swift in Sources */,
				624CEB7B2CDC300000DA3434 /* DeliverityRouter.swift in Sources */,
			);
			runOnlyForDeploymentPostprocessing = 0;
		};
/* End PBXSourcesBuildPhase section */

/* Begin XCBuildConfiguration section */
		62BD934B2BC47E79007E122C /* Debug */ = {
			isa = XCBuildConfiguration;
			buildSettings = {
				ALWAYS_SEARCH_USER_PATHS = NO;
				ASSETCATALOG_COMPILER_GENERATE_SWIFT_ASSET_SYMBOL_EXTENSIONS = YES;
				CLANG_ANALYZER_NONNULL = YES;
				CLANG_ANALYZER_NUMBER_OBJECT_CONVERSION = YES_AGGRESSIVE;
				CLANG_CXX_LANGUAGE_STANDARD = "gnu++20";
				CLANG_ENABLE_MODULES = YES;
				CLANG_ENABLE_OBJC_ARC = YES;
				CLANG_ENABLE_OBJC_WEAK = YES;
				CLANG_WARN_BLOCK_CAPTURE_AUTORELEASING = YES;
				CLANG_WARN_BOOL_CONVERSION = YES;
				CLANG_WARN_COMMA = YES;
				CLANG_WARN_CONSTANT_CONVERSION = YES;
				CLANG_WARN_DEPRECATED_OBJC_IMPLEMENTATIONS = YES;
				CLANG_WARN_DIRECT_OBJC_ISA_USAGE = YES_ERROR;
				CLANG_WARN_DOCUMENTATION_COMMENTS = YES;
				CLANG_WARN_EMPTY_BODY = YES;
				CLANG_WARN_ENUM_CONVERSION = YES;
				CLANG_WARN_INFINITE_RECURSION = YES;
				CLANG_WARN_INT_CONVERSION = YES;
				CLANG_WARN_NON_LITERAL_NULL_CONVERSION = YES;
				CLANG_WARN_OBJC_IMPLICIT_RETAIN_SELF = YES;
				CLANG_WARN_OBJC_LITERAL_CONVERSION = YES;
				CLANG_WARN_OBJC_ROOT_CLASS = YES_ERROR;
				CLANG_WARN_QUOTED_INCLUDE_IN_FRAMEWORK_HEADER = YES;
				CLANG_WARN_RANGE_LOOP_ANALYSIS = YES;
				CLANG_WARN_STRICT_PROTOTYPES = YES;
				CLANG_WARN_SUSPICIOUS_MOVE = YES;
				CLANG_WARN_UNGUARDED_AVAILABILITY = YES_AGGRESSIVE;
				CLANG_WARN_UNREACHABLE_CODE = YES;
				CLANG_WARN__DUPLICATE_METHOD_MATCH = YES;
				COPY_PHASE_STRIP = NO;
				DEBUG_INFORMATION_FORMAT = dwarf;
				ENABLE_STRICT_OBJC_MSGSEND = YES;
				ENABLE_TESTABILITY = YES;
				ENABLE_USER_SCRIPT_SANDBOXING = YES;
				GCC_C_LANGUAGE_STANDARD = gnu17;
				GCC_DYNAMIC_NO_PIC = NO;
				GCC_NO_COMMON_BLOCKS = YES;
				GCC_OPTIMIZATION_LEVEL = 0;
				GCC_PREPROCESSOR_DEFINITIONS = (
					"DEBUG=1",
					"$(inherited)",
				);
				GCC_WARN_64_TO_32_BIT_CONVERSION = YES;
				GCC_WARN_ABOUT_RETURN_TYPE = YES_ERROR;
				GCC_WARN_UNDECLARED_SELECTOR = YES;
				GCC_WARN_UNINITIALIZED_AUTOS = YES_AGGRESSIVE;
				GCC_WARN_UNUSED_FUNCTION = YES;
				GCC_WARN_UNUSED_VARIABLE = YES;
				IPHONEOS_DEPLOYMENT_TARGET = 17.2;
				LOCALIZATION_PREFERS_STRING_CATALOGS = YES;
				MTL_ENABLE_DEBUG_INFO = INCLUDE_SOURCE;
				MTL_FAST_MATH = YES;
				ONLY_ACTIVE_ARCH = YES;
				PRODUCT_NAME = "";
				SDKROOT = iphoneos;
				SWIFT_ACTIVE_COMPILATION_CONDITIONS = "DEBUG $(inherited)";
				SWIFT_OPTIMIZATION_LEVEL = "-Onone";
			};
			name = Debug;
		};
		62BD934C2BC47E79007E122C /* Release */ = {
			isa = XCBuildConfiguration;
			buildSettings = {
				ALWAYS_SEARCH_USER_PATHS = NO;
				ASSETCATALOG_COMPILER_GENERATE_SWIFT_ASSET_SYMBOL_EXTENSIONS = YES;
				CLANG_ANALYZER_NONNULL = YES;
				CLANG_ANALYZER_NUMBER_OBJECT_CONVERSION = YES_AGGRESSIVE;
				CLANG_CXX_LANGUAGE_STANDARD = "gnu++20";
				CLANG_ENABLE_MODULES = YES;
				CLANG_ENABLE_OBJC_ARC = YES;
				CLANG_ENABLE_OBJC_WEAK = YES;
				CLANG_WARN_BLOCK_CAPTURE_AUTORELEASING = YES;
				CLANG_WARN_BOOL_CONVERSION = YES;
				CLANG_WARN_COMMA = YES;
				CLANG_WARN_CONSTANT_CONVERSION = YES;
				CLANG_WARN_DEPRECATED_OBJC_IMPLEMENTATIONS = YES;
				CLANG_WARN_DIRECT_OBJC_ISA_USAGE = YES_ERROR;
				CLANG_WARN_DOCUMENTATION_COMMENTS = YES;
				CLANG_WARN_EMPTY_BODY = YES;
				CLANG_WARN_ENUM_CONVERSION = YES;
				CLANG_WARN_INFINITE_RECURSION = YES;
				CLANG_WARN_INT_CONVERSION = YES;
				CLANG_WARN_NON_LITERAL_NULL_CONVERSION = YES;
				CLANG_WARN_OBJC_IMPLICIT_RETAIN_SELF = YES;
				CLANG_WARN_OBJC_LITERAL_CONVERSION = YES;
				CLANG_WARN_OBJC_ROOT_CLASS = YES_ERROR;
				CLANG_WARN_QUOTED_INCLUDE_IN_FRAMEWORK_HEADER = YES;
				CLANG_WARN_RANGE_LOOP_ANALYSIS = YES;
				CLANG_WARN_STRICT_PROTOTYPES = YES;
				CLANG_WARN_SUSPICIOUS_MOVE = YES;
				CLANG_WARN_UNGUARDED_AVAILABILITY = YES_AGGRESSIVE;
				CLANG_WARN_UNREACHABLE_CODE = YES;
				CLANG_WARN__DUPLICATE_METHOD_MATCH = YES;
				COPY_PHASE_STRIP = NO;
				DEBUG_INFORMATION_FORMAT = "dwarf-with-dsym";
				ENABLE_NS_ASSERTIONS = NO;
				ENABLE_STRICT_OBJC_MSGSEND = YES;
				ENABLE_USER_SCRIPT_SANDBOXING = YES;
				GCC_C_LANGUAGE_STANDARD = gnu17;
				GCC_NO_COMMON_BLOCKS = YES;
				GCC_WARN_64_TO_32_BIT_CONVERSION = YES;
				GCC_WARN_ABOUT_RETURN_TYPE = YES_ERROR;
				GCC_WARN_UNDECLARED_SELECTOR = YES;
				GCC_WARN_UNINITIALIZED_AUTOS = YES_AGGRESSIVE;
				GCC_WARN_UNUSED_FUNCTION = YES;
				GCC_WARN_UNUSED_VARIABLE = YES;
				IPHONEOS_DEPLOYMENT_TARGET = 17.2;
				LOCALIZATION_PREFERS_STRING_CATALOGS = YES;
				MTL_ENABLE_DEBUG_INFO = NO;
				MTL_FAST_MATH = YES;
				PRODUCT_NAME = "";
				SDKROOT = iphoneos;
				SWIFT_COMPILATION_MODE = wholemodule;
				VALIDATE_PRODUCT = YES;
			};
			name = Release;
		};
		62BD934E2BC47E79007E122C /* Debug */ = {
			isa = XCBuildConfiguration;
			buildSettings = {
				ASSETCATALOG_COMPILER_APPICON_NAME = AppIcon;
				ASSETCATALOG_COMPILER_GLOBAL_ACCENT_COLOR_NAME = AccentColor;
				CODE_SIGN_STYLE = Automatic;
				CURRENT_PROJECT_VERSION = 1;
				DEVELOPMENT_TEAM = 8X8P7X3D8N;
				GENERATE_INFOPLIST_FILE = YES;
				INFOPLIST_FILE = "Market-App/App/Info.plist";
				INFOPLIST_KEY_UIApplicationSupportsIndirectInputEvents = YES;
				INFOPLIST_KEY_UILaunchStoryboardName = LaunchScreen;
				INFOPLIST_KEY_UIMainStoryboardFile = Main;
				INFOPLIST_KEY_UISupportedInterfaceOrientations = UIInterfaceOrientationPortrait;
				INFOPLIST_KEY_UISupportedInterfaceOrientations_iPad = "UIInterfaceOrientationLandscapeLeft UIInterfaceOrientationLandscapeRight UIInterfaceOrientationPortrait UIInterfaceOrientationPortraitUpsideDown";
				IPHONEOS_DEPLOYMENT_TARGET = 14;
				LD_RUNPATH_SEARCH_PATHS = (
					"$(inherited)",
					"@executable_path/Frameworks",
				);
				MARKETING_VERSION = 1.0;
				PRODUCT_BUNDLE_IDENTIFIER = "com.bprldr.Market-App";
				PRODUCT_NAME = Market;
				SUPPORTED_PLATFORMS = "iphoneos iphonesimulator";
				SUPPORTS_MACCATALYST = NO;
				SUPPORTS_MAC_DESIGNED_FOR_IPHONE_IPAD = NO;
				SUPPORTS_XR_DESIGNED_FOR_IPHONE_IPAD = NO;
				SWIFT_EMIT_LOC_STRINGS = YES;
				SWIFT_VERSION = 5.0;
				TARGETED_DEVICE_FAMILY = 1;
			};
			name = Debug;
		};
		62BD934F2BC47E79007E122C /* Release */ = {
			isa = XCBuildConfiguration;
			buildSettings = {
				ASSETCATALOG_COMPILER_APPICON_NAME = AppIcon;
				ASSETCATALOG_COMPILER_GLOBAL_ACCENT_COLOR_NAME = AccentColor;
				CODE_SIGN_STYLE = Automatic;
				CURRENT_PROJECT_VERSION = 1;
				DEVELOPMENT_TEAM = 8X8P7X3D8N;
				GENERATE_INFOPLIST_FILE = YES;
				INFOPLIST_FILE = "Market-App/App/Info.plist";
				INFOPLIST_KEY_UIApplicationSupportsIndirectInputEvents = YES;
				INFOPLIST_KEY_UILaunchStoryboardName = LaunchScreen;
				INFOPLIST_KEY_UIMainStoryboardFile = Main;
				INFOPLIST_KEY_UISupportedInterfaceOrientations = UIInterfaceOrientationPortrait;
				INFOPLIST_KEY_UISupportedInterfaceOrientations_iPad = "UIInterfaceOrientationLandscapeLeft UIInterfaceOrientationLandscapeRight UIInterfaceOrientationPortrait UIInterfaceOrientationPortraitUpsideDown";
				IPHONEOS_DEPLOYMENT_TARGET = 14;
				LD_RUNPATH_SEARCH_PATHS = (
					"$(inherited)",
					"@executable_path/Frameworks",
				);
				MARKETING_VERSION = 1.0;
				PRODUCT_BUNDLE_IDENTIFIER = "com.bprldr.Market-App";
				PRODUCT_NAME = Market;
				SUPPORTED_PLATFORMS = "iphoneos iphonesimulator";
				SUPPORTS_MACCATALYST = NO;
				SUPPORTS_MAC_DESIGNED_FOR_IPHONE_IPAD = NO;
				SUPPORTS_XR_DESIGNED_FOR_IPHONE_IPAD = NO;
				SWIFT_EMIT_LOC_STRINGS = YES;
				SWIFT_VERSION = 5.0;
				TARGETED_DEVICE_FAMILY = 1;
			};
			name = Release;
		};
/* End XCBuildConfiguration section */

/* Begin XCConfigurationList section */
		62BD931E2BC47E78007E122C /* Build configuration list for PBXProject "Market-App" */ = {
			isa = XCConfigurationList;
			buildConfigurations = (
				62BD934B2BC47E79007E122C /* Debug */,
				62BD934C2BC47E79007E122C /* Release */,
			);
			defaultConfigurationIsVisible = 0;
			defaultConfigurationName = Release;
		};
		62BD934D2BC47E79007E122C /* Build configuration list for PBXNativeTarget "Market-App" */ = {
			isa = XCConfigurationList;
			buildConfigurations = (
				62BD934E2BC47E79007E122C /* Debug */,
				62BD934F2BC47E79007E122C /* Release */,
			);
			defaultConfigurationIsVisible = 0;
			defaultConfigurationName = Release;
		};
/* End XCConfigurationList section */

/* Begin XCLocalSwiftPackageReference section */
		62A1EF592CD59E1600642FAA /* XCLocalSwiftPackageReference "MarketFirebaseService" */ = {
			isa = XCLocalSwiftPackageReference;
			relativePath = MarketFirebaseService;
		};
/* End XCLocalSwiftPackageReference section */

/* Begin XCRemoteSwiftPackageReference section */
		62A598662CD2C6EA00BA4879 /* XCRemoteSwiftPackageReference "SnapKit" */ = {
			isa = XCRemoteSwiftPackageReference;
			repositoryURL = "https://github.com/SnapKit/SnapKit";
			requirement = {
				kind = upToNextMajorVersion;
				minimumVersion = 5.7.1;
			};
		};
		62A5986B2CD2D12B00BA4879 /* XCRemoteSwiftPackageReference "Kingfisher" */ = {
			isa = XCRemoteSwiftPackageReference;
			repositoryURL = "https://github.com/onevcat/Kingfisher";
			requirement = {
				kind = upToNextMajorVersion;
				minimumVersion = 8.1.0;
			};
		};
		62C5E63D2CD5A31C00CF4AC3 /* XCRemoteSwiftPackageReference "KeychainAccess" */ = {
			isa = XCRemoteSwiftPackageReference;
			repositoryURL = "https://github.com/kishikawakatsumi/KeychainAccess";
			requirement = {
				branch = master;
				kind = branch;
			};
		};
/* End XCRemoteSwiftPackageReference section */

/* Begin XCSwiftPackageProductDependency section */
		62030FFA2CD6CA6D00B0F39B /* MarketFirebaseService */ = {
			isa = XCSwiftPackageProductDependency;
			productName = MarketFirebaseService;
		};
		62A598672CD2C6EA00BA4879 /* SnapKit */ = {
			isa = XCSwiftPackageProductDependency;
			package = 62A598662CD2C6EA00BA4879 /* XCRemoteSwiftPackageReference "SnapKit" */;
			productName = SnapKit;
		};
		62A5986C2CD2D12B00BA4879 /* Kingfisher */ = {
			isa = XCSwiftPackageProductDependency;
			package = 62A5986B2CD2D12B00BA4879 /* XCRemoteSwiftPackageReference "Kingfisher" */;
			productName = Kingfisher;
		};
		62C5E63E2CD5A31C00CF4AC3 /* KeychainAccess */ = {
			isa = XCSwiftPackageProductDependency;
			package = 62C5E63D2CD5A31C00CF4AC3 /* XCRemoteSwiftPackageReference "KeychainAccess" */;
			productName = KeychainAccess;
		};
/* End XCSwiftPackageProductDependency section */

/* Begin XCVersionGroup section */
		6271F07F2BCF5F54005CA19A /* Cart.xcdatamodeld */ = {
			isa = XCVersionGroup;
			children = (
				6271F0802BCF5F54005CA19A /* Cart.xcdatamodel */,
			);
			currentVersion = 6271F0802BCF5F54005CA19A /* Cart.xcdatamodel */;
			path = Cart.xcdatamodeld;
			sourceTree = "<group>";
			versionGroupType = wrapper.xcdatamodel;
		};
/* End XCVersionGroup section */
	};
	rootObject = 62BD931B2BC47E78007E122C /* Project object */;
}
