// !$*UTF8*$!
{
	archiveVersion = 1;
	classes = {
	};
	objectVersion = 56;
	objects = {

/* Begin PBXBuildFile section */
		622999E32BC5B92B004941FF /* ProductListingEntity.swift in Sources */ = {isa = PBXBuildFile; fileRef = 622999E22BC5B92B004941FF /* ProductListingEntity.swift */; };
		622999E52BC5B9FB004941FF /* ProductListingInteractor.swift in Sources */ = {isa = PBXBuildFile; fileRef = 622999E42BC5B9FB004941FF /* ProductListingInteractor.swift */; };
		622999E72BC5BA22004941FF /* ProductListingRouter.swift in Sources */ = {isa = PBXBuildFile; fileRef = 622999E62BC5BA22004941FF /* ProductListingRouter.swift */; };
		622999E92BC5CC73004941FF /* NetworkService.swift in Sources */ = {isa = PBXBuildFile; fileRef = 622999E82BC5CC73004941FF /* NetworkService.swift */; };
		624134122BCC0E58002AD5C7 /* Cart.xcdatamodeld in Sources */ = {isa = PBXBuildFile; fileRef = 624134102BCC0E58002AD5C7 /* Cart.xcdatamodeld */; };
		624134152BCC13A7002AD5C7 /* CartRepository.swift in Sources */ = {isa = PBXBuildFile; fileRef = 624134142BCC13A7002AD5C7 /* CartRepository.swift */; };
		6248B6252BC5F2ED003E695B /* LoadingView.swift in Sources */ = {isa = PBXBuildFile; fileRef = 6248B6242BC5F2ED003E695B /* LoadingView.swift */; };
		6248B6272BC5F4DD003E695B /* Collection.swift in Sources */ = {isa = PBXBuildFile; fileRef = 6248B6262BC5F4DD003E695B /* Collection.swift */; };
		628181782BCC51BC002DC3DE /* ProductCellPresenter.swift in Sources */ = {isa = PBXBuildFile; fileRef = 628181772BCC51BC002DC3DE /* ProductCellPresenter.swift */; };
		6281817A2BCC5346002DC3DE /* ProductCellInteractor.swift in Sources */ = {isa = PBXBuildFile; fileRef = 628181792BCC5346002DC3DE /* ProductCellInteractor.swift */; };
		6281817C2BCC5A30002DC3DE /* ProductCellView.swift in Sources */ = {isa = PBXBuildFile; fileRef = 6281817B2BCC5A30002DC3DE /* ProductCellView.swift */; };
		628181B42BCC9FFB002DC3DE /* OpenSans-Light.ttf in Resources */ = {isa = PBXBuildFile; fileRef = 628181A82BCC9FFB002DC3DE /* OpenSans-Light.ttf */; };
		628181B52BCC9FFB002DC3DE /* OpenSans-Medium.ttf in Resources */ = {isa = PBXBuildFile; fileRef = 628181A92BCC9FFB002DC3DE /* OpenSans-Medium.ttf */; };
		628181B62BCC9FFB002DC3DE /* OpenSans-MediumItalic.ttf in Resources */ = {isa = PBXBuildFile; fileRef = 628181AA2BCC9FFB002DC3DE /* OpenSans-MediumItalic.ttf */; };
		628181B72BCC9FFB002DC3DE /* OpenSans-Regular.ttf in Resources */ = {isa = PBXBuildFile; fileRef = 628181AB2BCC9FFB002DC3DE /* OpenSans-Regular.ttf */; };
		628181B82BCC9FFB002DC3DE /* OpenSans-ExtraBold.ttf in Resources */ = {isa = PBXBuildFile; fileRef = 628181AC2BCC9FFB002DC3DE /* OpenSans-ExtraBold.ttf */; };
		628181B92BCC9FFB002DC3DE /* OpenSans-SemiBold.ttf in Resources */ = {isa = PBXBuildFile; fileRef = 628181AD2BCC9FFB002DC3DE /* OpenSans-SemiBold.ttf */; };
		628181BA2BCC9FFB002DC3DE /* OpenSans-BoldItalic.ttf in Resources */ = {isa = PBXBuildFile; fileRef = 628181AE2BCC9FFB002DC3DE /* OpenSans-BoldItalic.ttf */; };
		628181BB2BCC9FFB002DC3DE /* OpenSans-LightItalic.ttf in Resources */ = {isa = PBXBuildFile; fileRef = 628181AF2BCC9FFB002DC3DE /* OpenSans-LightItalic.ttf */; };
		628181BC2BCC9FFB002DC3DE /* OpenSans-SemiBoldItalic.ttf in Resources */ = {isa = PBXBuildFile; fileRef = 628181B02BCC9FFB002DC3DE /* OpenSans-SemiBoldItalic.ttf */; };
		628181BD2BCC9FFB002DC3DE /* OpenSans-Italic.ttf in Resources */ = {isa = PBXBuildFile; fileRef = 628181B12BCC9FFB002DC3DE /* OpenSans-Italic.ttf */; };
		628181BE2BCC9FFB002DC3DE /* OpenSans-ExtraBoldItalic.ttf in Resources */ = {isa = PBXBuildFile; fileRef = 628181B22BCC9FFB002DC3DE /* OpenSans-ExtraBoldItalic.ttf */; };
		628181BF2BCC9FFB002DC3DE /* OpenSans-Bold.ttf in Resources */ = {isa = PBXBuildFile; fileRef = 628181B32BCC9FFB002DC3DE /* OpenSans-Bold.ttf */; };
		62AA580D2BCD80DE0022DD59 /* CustomNavigationBarView.swift in Sources */ = {isa = PBXBuildFile; fileRef = 62AA580C2BCD80DE0022DD59 /* CustomNavigationBarView.swift */; };
		62AA580F2BCD811A0022DD59 /* CustomNavigationController.swift in Sources */ = {isa = PBXBuildFile; fileRef = 62AA580E2BCD811A0022DD59 /* CustomNavigationController.swift */; };
		62BD93272BC47E78007E122C /* AppDelegate.swift in Sources */ = {isa = PBXBuildFile; fileRef = 62BD93262BC47E78007E122C /* AppDelegate.swift */; };
		62BD93292BC47E78007E122C /* SceneDelegate.swift in Sources */ = {isa = PBXBuildFile; fileRef = 62BD93282BC47E78007E122C /* SceneDelegate.swift */; };
		62BD932B2BC47E78007E122C /* ViewController.swift in Sources */ = {isa = PBXBuildFile; fileRef = 62BD932A2BC47E78007E122C /* ViewController.swift */; };
		62BD932E2BC47E78007E122C /* Main.storyboard in Resources */ = {isa = PBXBuildFile; fileRef = 62BD932C2BC47E78007E122C /* Main.storyboard */; };
		62BD93302BC47E79007E122C /* Assets.xcassets in Resources */ = {isa = PBXBuildFile; fileRef = 62BD932F2BC47E79007E122C /* Assets.xcassets */; };
		62BD93332BC47E79007E122C /* LaunchScreen.storyboard in Resources */ = {isa = PBXBuildFile; fileRef = 62BD93312BC47E79007E122C /* LaunchScreen.storyboard */; };
		62BD933E2BC47E79007E122C /* Getir_Final_CaseTests.swift in Sources */ = {isa = PBXBuildFile; fileRef = 62BD933D2BC47E79007E122C /* Getir_Final_CaseTests.swift */; };
		62BD93482BC47E79007E122C /* Getir_Final_CaseUITests.swift in Sources */ = {isa = PBXBuildFile; fileRef = 62BD93472BC47E79007E122C /* Getir_Final_CaseUITests.swift */; };
		62BD934A2BC47E79007E122C /* Getir_Final_CaseUITestsLaunchTests.swift in Sources */ = {isa = PBXBuildFile; fileRef = 62BD93492BC47E79007E122C /* Getir_Final_CaseUITestsLaunchTests.swift */; };
		62BD93612BC48113007E122C /* BaseViewController.swift in Sources */ = {isa = PBXBuildFile; fileRef = 62BD93602BC48113007E122C /* BaseViewController.swift */; };
		62BD93632BC48192007E122C /* SplashViewController.swift in Sources */ = {isa = PBXBuildFile; fileRef = 62BD93622BC48192007E122C /* SplashViewController.swift */; };
		62BD93652BC481CD007E122C /* SplashInteractor.swift in Sources */ = {isa = PBXBuildFile; fileRef = 62BD93642BC481CD007E122C /* SplashInteractor.swift */; };
		62BD93682BC4827C007E122C /* SplashPresenter.swift in Sources */ = {isa = PBXBuildFile; fileRef = 62BD93672BC4827C007E122C /* SplashPresenter.swift */; };
		62BD936A2BC482F6007E122C /* SplashRouter.swift in Sources */ = {isa = PBXBuildFile; fileRef = 62BD93692BC482F6007E122C /* SplashRouter.swift */; };
		62BD936C2BC494FE007E122C /* ProductListingViewController.swift in Sources */ = {isa = PBXBuildFile; fileRef = 62BD936B2BC494FE007E122C /* ProductListingViewController.swift */; };
		62BD936E2BC49641007E122C /* ProductListingPresenter.swift in Sources */ = {isa = PBXBuildFile; fileRef = 62BD936D2BC49641007E122C /* ProductListingPresenter.swift */; };
		62CCC5B72BC60CFB00F5693F /* CombineMoya in Frameworks */ = {isa = PBXBuildFile; productRef = 62CCC5B62BC60CFB00F5693F /* CombineMoya */; };
		62CCC5B92BC60CFB00F5693F /* Moya in Frameworks */ = {isa = PBXBuildFile; productRef = 62CCC5B82BC60CFB00F5693F /* Moya */; };
		62CCC5BB2BC60CFB00F5693F /* ReactiveMoya in Frameworks */ = {isa = PBXBuildFile; productRef = 62CCC5BA2BC60CFB00F5693F /* ReactiveMoya */; };
		62CCC5BD2BC60CFB00F5693F /* RxMoya in Frameworks */ = {isa = PBXBuildFile; productRef = 62CCC5BC2BC60CFB00F5693F /* RxMoya */; };
		62D767042BC72D360070A83F /* SectionBackground.swift in Sources */ = {isa = PBXBuildFile; fileRef = 62D767032BC72D360070A83F /* SectionBackground.swift */; };
		62EF7FD12BCB5B5F008DF702 /* ProductDetailViewController.swift in Sources */ = {isa = PBXBuildFile; fileRef = 62EF7FD02BCB5B5F008DF702 /* ProductDetailViewController.swift */; };
		62EF7FD32BCB5B93008DF702 /* ProductDetailInteractor.swift in Sources */ = {isa = PBXBuildFile; fileRef = 62EF7FD22BCB5B93008DF702 /* ProductDetailInteractor.swift */; };
		62EF7FD52BCB5BA4008DF702 /* ProductDetailPresenter.swift in Sources */ = {isa = PBXBuildFile; fileRef = 62EF7FD42BCB5BA4008DF702 /* ProductDetailPresenter.swift */; };
		62EF7FD72BCB5BC5008DF702 /* ProductDetailRouter.swift in Sources */ = {isa = PBXBuildFile; fileRef = 62EF7FD62BCB5BC5008DF702 /* ProductDetailRouter.swift */; };
/* End PBXBuildFile section */

/* Begin PBXContainerItemProxy section */
		62BD933A2BC47E79007E122C /* PBXContainerItemProxy */ = {
			isa = PBXContainerItemProxy;
			containerPortal = 62BD931B2BC47E78007E122C /* Project object */;
			proxyType = 1;
			remoteGlobalIDString = 62BD93222BC47E78007E122C;
			remoteInfo = "Getir-Final-Case";
		};
		62BD93442BC47E79007E122C /* PBXContainerItemProxy */ = {
			isa = PBXContainerItemProxy;
			containerPortal = 62BD931B2BC47E78007E122C /* Project object */;
			proxyType = 1;
			remoteGlobalIDString = 62BD93222BC47E78007E122C;
			remoteInfo = "Getir-Final-Case";
		};
/* End PBXContainerItemProxy section */

/* Begin PBXFileReference section */
		622999E22BC5B92B004941FF /* ProductListingEntity.swift */ = {isa = PBXFileReference; lastKnownFileType = sourcecode.swift; path = ProductListingEntity.swift; sourceTree = "<group>"; };
		622999E42BC5B9FB004941FF /* ProductListingInteractor.swift */ = {isa = PBXFileReference; lastKnownFileType = sourcecode.swift; path = ProductListingInteractor.swift; sourceTree = "<group>"; };
		622999E62BC5BA22004941FF /* ProductListingRouter.swift */ = {isa = PBXFileReference; lastKnownFileType = sourcecode.swift; path = ProductListingRouter.swift; sourceTree = "<group>"; };
		622999E82BC5CC73004941FF /* NetworkService.swift */ = {isa = PBXFileReference; lastKnownFileType = sourcecode.swift; path = NetworkService.swift; sourceTree = "<group>"; };
		624134112BCC0E58002AD5C7 /* Cart.xcdatamodel */ = {isa = PBXFileReference; lastKnownFileType = wrapper.xcdatamodel; path = Cart.xcdatamodel; sourceTree = "<group>"; };
		624134142BCC13A7002AD5C7 /* CartRepository.swift */ = {isa = PBXFileReference; lastKnownFileType = sourcecode.swift; path = CartRepository.swift; sourceTree = "<group>"; };
		6248B6242BC5F2ED003E695B /* LoadingView.swift */ = {isa = PBXFileReference; lastKnownFileType = sourcecode.swift; path = LoadingView.swift; sourceTree = "<group>"; };
		6248B6262BC5F4DD003E695B /* Collection.swift */ = {isa = PBXFileReference; lastKnownFileType = sourcecode.swift; path = Collection.swift; sourceTree = "<group>"; };
		628181772BCC51BC002DC3DE /* ProductCellPresenter.swift */ = {isa = PBXFileReference; lastKnownFileType = sourcecode.swift; path = ProductCellPresenter.swift; sourceTree = "<group>"; };
		628181792BCC5346002DC3DE /* ProductCellInteractor.swift */ = {isa = PBXFileReference; lastKnownFileType = sourcecode.swift; path = ProductCellInteractor.swift; sourceTree = "<group>"; };
		6281817B2BCC5A30002DC3DE /* ProductCellView.swift */ = {isa = PBXFileReference; lastKnownFileType = sourcecode.swift; path = ProductCellView.swift; sourceTree = "<group>"; };
		628181A82BCC9FFB002DC3DE /* OpenSans-Light.ttf */ = {isa = PBXFileReference; lastKnownFileType = file; path = "OpenSans-Light.ttf"; sourceTree = "<group>"; };
		628181A92BCC9FFB002DC3DE /* OpenSans-Medium.ttf */ = {isa = PBXFileReference; lastKnownFileType = file; path = "OpenSans-Medium.ttf"; sourceTree = "<group>"; };
		628181AA2BCC9FFB002DC3DE /* OpenSans-MediumItalic.ttf */ = {isa = PBXFileReference; lastKnownFileType = file; path = "OpenSans-MediumItalic.ttf"; sourceTree = "<group>"; };
		628181AB2BCC9FFB002DC3DE /* OpenSans-Regular.ttf */ = {isa = PBXFileReference; lastKnownFileType = file; path = "OpenSans-Regular.ttf"; sourceTree = "<group>"; };
		628181AC2BCC9FFB002DC3DE /* OpenSans-ExtraBold.ttf */ = {isa = PBXFileReference; lastKnownFileType = file; path = "OpenSans-ExtraBold.ttf"; sourceTree = "<group>"; };
		628181AD2BCC9FFB002DC3DE /* OpenSans-SemiBold.ttf */ = {isa = PBXFileReference; lastKnownFileType = file; path = "OpenSans-SemiBold.ttf"; sourceTree = "<group>"; };
		628181AE2BCC9FFB002DC3DE /* OpenSans-BoldItalic.ttf */ = {isa = PBXFileReference; lastKnownFileType = file; path = "OpenSans-BoldItalic.ttf"; sourceTree = "<group>"; };
		628181AF2BCC9FFB002DC3DE /* OpenSans-LightItalic.ttf */ = {isa = PBXFileReference; lastKnownFileType = file; path = "OpenSans-LightItalic.ttf"; sourceTree = "<group>"; };
		628181B02BCC9FFB002DC3DE /* OpenSans-SemiBoldItalic.ttf */ = {isa = PBXFileReference; lastKnownFileType = file; path = "OpenSans-SemiBoldItalic.ttf"; sourceTree = "<group>"; };
		628181B12BCC9FFB002DC3DE /* OpenSans-Italic.ttf */ = {isa = PBXFileReference; lastKnownFileType = file; path = "OpenSans-Italic.ttf"; sourceTree = "<group>"; };
		628181B22BCC9FFB002DC3DE /* OpenSans-ExtraBoldItalic.ttf */ = {isa = PBXFileReference; lastKnownFileType = file; path = "OpenSans-ExtraBoldItalic.ttf"; sourceTree = "<group>"; };
		628181B32BCC9FFB002DC3DE /* OpenSans-Bold.ttf */ = {isa = PBXFileReference; lastKnownFileType = file; path = "OpenSans-Bold.ttf"; sourceTree = "<group>"; };
		62AA580C2BCD80DE0022DD59 /* CustomNavigationBarView.swift */ = {isa = PBXFileReference; lastKnownFileType = sourcecode.swift; path = CustomNavigationBarView.swift; sourceTree = "<group>"; };
		62AA580E2BCD811A0022DD59 /* CustomNavigationController.swift */ = {isa = PBXFileReference; lastKnownFileType = sourcecode.swift; path = CustomNavigationController.swift; sourceTree = "<group>"; };
		62BD93232BC47E78007E122C /* Getir-Final-Case.app */ = {isa = PBXFileReference; explicitFileType = wrapper.application; includeInIndex = 0; path = "Getir-Final-Case.app"; sourceTree = BUILT_PRODUCTS_DIR; };
		62BD93262BC47E78007E122C /* AppDelegate.swift */ = {isa = PBXFileReference; lastKnownFileType = sourcecode.swift; path = AppDelegate.swift; sourceTree = "<group>"; };
		62BD93282BC47E78007E122C /* SceneDelegate.swift */ = {isa = PBXFileReference; lastKnownFileType = sourcecode.swift; path = SceneDelegate.swift; sourceTree = "<group>"; };
		62BD932A2BC47E78007E122C /* ViewController.swift */ = {isa = PBXFileReference; lastKnownFileType = sourcecode.swift; path = ViewController.swift; sourceTree = "<group>"; };
		62BD932D2BC47E78007E122C /* Base */ = {isa = PBXFileReference; lastKnownFileType = file.storyboard; name = Base; path = Base.lproj/Main.storyboard; sourceTree = "<group>"; };
		62BD932F2BC47E79007E122C /* Assets.xcassets */ = {isa = PBXFileReference; lastKnownFileType = folder.assetcatalog; path = Assets.xcassets; sourceTree = "<group>"; };
		62BD93322BC47E79007E122C /* Base */ = {isa = PBXFileReference; lastKnownFileType = file.storyboard; name = Base; path = Base.lproj/LaunchScreen.storyboard; sourceTree = "<group>"; };
		62BD93342BC47E79007E122C /* Info.plist */ = {isa = PBXFileReference; lastKnownFileType = text.plist.xml; path = Info.plist; sourceTree = "<group>"; };
		62BD93392BC47E79007E122C /* Getir-Final-CaseTests.xctest */ = {isa = PBXFileReference; explicitFileType = wrapper.cfbundle; includeInIndex = 0; path = "Getir-Final-CaseTests.xctest"; sourceTree = BUILT_PRODUCTS_DIR; };
		62BD933D2BC47E79007E122C /* Getir_Final_CaseTests.swift */ = {isa = PBXFileReference; lastKnownFileType = sourcecode.swift; path = Getir_Final_CaseTests.swift; sourceTree = "<group>"; };
		62BD93432BC47E79007E122C /* Getir-Final-CaseUITests.xctest */ = {isa = PBXFileReference; explicitFileType = wrapper.cfbundle; includeInIndex = 0; path = "Getir-Final-CaseUITests.xctest"; sourceTree = BUILT_PRODUCTS_DIR; };
		62BD93472BC47E79007E122C /* Getir_Final_CaseUITests.swift */ = {isa = PBXFileReference; lastKnownFileType = sourcecode.swift; path = Getir_Final_CaseUITests.swift; sourceTree = "<group>"; };
		62BD93492BC47E79007E122C /* Getir_Final_CaseUITestsLaunchTests.swift */ = {isa = PBXFileReference; lastKnownFileType = sourcecode.swift; path = Getir_Final_CaseUITestsLaunchTests.swift; sourceTree = "<group>"; };
		62BD93602BC48113007E122C /* BaseViewController.swift */ = {isa = PBXFileReference; lastKnownFileType = sourcecode.swift; path = BaseViewController.swift; sourceTree = "<group>"; };
		62BD93622BC48192007E122C /* SplashViewController.swift */ = {isa = PBXFileReference; lastKnownFileType = sourcecode.swift; path = SplashViewController.swift; sourceTree = "<group>"; };
		62BD93642BC481CD007E122C /* SplashInteractor.swift */ = {isa = PBXFileReference; lastKnownFileType = sourcecode.swift; path = SplashInteractor.swift; sourceTree = "<group>"; };
		62BD93672BC4827C007E122C /* SplashPresenter.swift */ = {isa = PBXFileReference; lastKnownFileType = sourcecode.swift; path = SplashPresenter.swift; sourceTree = "<group>"; };
		62BD93692BC482F6007E122C /* SplashRouter.swift */ = {isa = PBXFileReference; lastKnownFileType = sourcecode.swift; path = SplashRouter.swift; sourceTree = "<group>"; };
		62BD936B2BC494FE007E122C /* ProductListingViewController.swift */ = {isa = PBXFileReference; lastKnownFileType = sourcecode.swift; path = ProductListingViewController.swift; sourceTree = "<group>"; };
		62BD936D2BC49641007E122C /* ProductListingPresenter.swift */ = {isa = PBXFileReference; lastKnownFileType = sourcecode.swift; path = ProductListingPresenter.swift; sourceTree = "<group>"; };
		62D767032BC72D360070A83F /* SectionBackground.swift */ = {isa = PBXFileReference; lastKnownFileType = sourcecode.swift; path = SectionBackground.swift; sourceTree = "<group>"; };
		62EF7FD02BCB5B5F008DF702 /* ProductDetailViewController.swift */ = {isa = PBXFileReference; lastKnownFileType = sourcecode.swift; path = ProductDetailViewController.swift; sourceTree = "<group>"; };
		62EF7FD22BCB5B93008DF702 /* ProductDetailInteractor.swift */ = {isa = PBXFileReference; lastKnownFileType = sourcecode.swift; path = ProductDetailInteractor.swift; sourceTree = "<group>"; };
		62EF7FD42BCB5BA4008DF702 /* ProductDetailPresenter.swift */ = {isa = PBXFileReference; lastKnownFileType = sourcecode.swift; path = ProductDetailPresenter.swift; sourceTree = "<group>"; };
		62EF7FD62BCB5BC5008DF702 /* ProductDetailRouter.swift */ = {isa = PBXFileReference; lastKnownFileType = sourcecode.swift; path = ProductDetailRouter.swift; sourceTree = "<group>"; };
/* End PBXFileReference section */

/* Begin PBXFrameworksBuildPhase section */
		62BD93202BC47E78007E122C /* Frameworks */ = {
			isa = PBXFrameworksBuildPhase;
			buildActionMask = 2147483647;
			files = (
				62CCC5B92BC60CFB00F5693F /* Moya in Frameworks */,
				62CCC5B72BC60CFB00F5693F /* CombineMoya in Frameworks */,
				62CCC5BD2BC60CFB00F5693F /* RxMoya in Frameworks */,
				62CCC5BB2BC60CFB00F5693F /* ReactiveMoya in Frameworks */,
			);
			runOnlyForDeploymentPostprocessing = 0;
		};
		62BD93362BC47E79007E122C /* Frameworks */ = {
			isa = PBXFrameworksBuildPhase;
			buildActionMask = 2147483647;
			files = (
			);
			runOnlyForDeploymentPostprocessing = 0;
		};
		62BD93402BC47E79007E122C /* Frameworks */ = {
			isa = PBXFrameworksBuildPhase;
			buildActionMask = 2147483647;
			files = (
			);
			runOnlyForDeploymentPostprocessing = 0;
		};
/* End PBXFrameworksBuildPhase section */

/* Begin PBXGroup section */
		6248B6212BC5F23B003E695B /* Cell */ = {
			isa = PBXGroup;
			children = (
				6281817B2BCC5A30002DC3DE /* ProductCellView.swift */,
				628181792BCC5346002DC3DE /* ProductCellInteractor.swift */,
				628181772BCC51BC002DC3DE /* ProductCellPresenter.swift */,
			);
			path = Cell;
			sourceTree = "<group>";
		};
		628181832BCC9F47002DC3DE /* Font */ = {
			isa = PBXGroup;
			children = (
				628181B32BCC9FFB002DC3DE /* OpenSans-Bold.ttf */,
				628181AE2BCC9FFB002DC3DE /* OpenSans-BoldItalic.ttf */,
				628181AC2BCC9FFB002DC3DE /* OpenSans-ExtraBold.ttf */,
				628181B22BCC9FFB002DC3DE /* OpenSans-ExtraBoldItalic.ttf */,
				628181B12BCC9FFB002DC3DE /* OpenSans-Italic.ttf */,
				628181A82BCC9FFB002DC3DE /* OpenSans-Light.ttf */,
				628181AF2BCC9FFB002DC3DE /* OpenSans-LightItalic.ttf */,
				628181A92BCC9FFB002DC3DE /* OpenSans-Medium.ttf */,
				628181AA2BCC9FFB002DC3DE /* OpenSans-MediumItalic.ttf */,
				628181AB2BCC9FFB002DC3DE /* OpenSans-Regular.ttf */,
				628181AD2BCC9FFB002DC3DE /* OpenSans-SemiBold.ttf */,
				628181B02BCC9FFB002DC3DE /* OpenSans-SemiBoldItalic.ttf */,
			);
			path = Font;
			sourceTree = "<group>";
		};
		62AA580B2BCD80BD0022DD59 /* NavigationBar */ = {
			isa = PBXGroup;
			children = (
				62AA580C2BCD80DE0022DD59 /* CustomNavigationBarView.swift */,
				62AA580E2BCD811A0022DD59 /* CustomNavigationController.swift */,
			);
			path = NavigationBar;
			sourceTree = "<group>";
		};
		62BD931A2BC47E78007E122C = {
			isa = PBXGroup;
			children = (
				62BD93252BC47E78007E122C /* Getir-Final-Case */,
				62BD933C2BC47E79007E122C /* Getir-Final-CaseTests */,
				62BD93462BC47E79007E122C /* Getir-Final-CaseUITests */,
				62BD93242BC47E78007E122C /* Products */,
			);
			sourceTree = "<group>";
		};
		62BD93242BC47E78007E122C /* Products */ = {
			isa = PBXGroup;
			children = (
				62BD93232BC47E78007E122C /* Getir-Final-Case.app */,
				62BD93392BC47E79007E122C /* Getir-Final-CaseTests.xctest */,
				62BD93432BC47E79007E122C /* Getir-Final-CaseUITests.xctest */,
			);
			name = Products;
			sourceTree = "<group>";
		};
		62BD93252BC47E78007E122C /* Getir-Final-Case */ = {
			isa = PBXGroup;
			children = (
				62BD935C2BC47FDE007E122C /* Resources */,
				62BD93582BC47F8C007E122C /* Modules */,
				62BD93562BC47F59007E122C /* App */,
				62BD932A2BC47E78007E122C /* ViewController.swift */,
				62BD932C2BC47E78007E122C /* Main.storyboard */,
				62BD93312BC47E79007E122C /* LaunchScreen.storyboard */,
				62BD93342BC47E79007E122C /* Info.plist */,
			);
			path = "Getir-Final-Case";
			sourceTree = "<group>";
		};
		62BD933C2BC47E79007E122C /* Getir-Final-CaseTests */ = {
			isa = PBXGroup;
			children = (
				62BD933D2BC47E79007E122C /* Getir_Final_CaseTests.swift */,
			);
			path = "Getir-Final-CaseTests";
			sourceTree = "<group>";
		};
		62BD93462BC47E79007E122C /* Getir-Final-CaseUITests */ = {
			isa = PBXGroup;
			children = (
				62BD93472BC47E79007E122C /* Getir_Final_CaseUITests.swift */,
				62BD93492BC47E79007E122C /* Getir_Final_CaseUITestsLaunchTests.swift */,
			);
			path = "Getir-Final-CaseUITests";
			sourceTree = "<group>";
		};
		62BD93562BC47F59007E122C /* App */ = {
			isa = PBXGroup;
			children = (
				62BD93262BC47E78007E122C /* AppDelegate.swift */,
				62BD93282BC47E78007E122C /* SceneDelegate.swift */,
				62BD932F2BC47E79007E122C /* Assets.xcassets */,
				624134102BCC0E58002AD5C7 /* Cart.xcdatamodeld */,
			);
			path = App;
			sourceTree = "<group>";
		};
		62BD93572BC47F83007E122C /* SplashScreen */ = {
			isa = PBXGroup;
			children = (
				62BD93622BC48192007E122C /* SplashViewController.swift */,
				62BD93642BC481CD007E122C /* SplashInteractor.swift */,
				62BD93672BC4827C007E122C /* SplashPresenter.swift */,
				62BD93692BC482F6007E122C /* SplashRouter.swift */,
			);
			path = SplashScreen;
			sourceTree = "<group>";
		};
		62BD93582BC47F8C007E122C /* Modules */ = {
			isa = PBXGroup;
			children = (
				62AA580B2BCD80BD0022DD59 /* NavigationBar */,
				62BD935F2BC480C5007E122C /* Base */,
				62BD935B2BC47FBE007E122C /* ProductDetails */,
				62BD935A2BC47FB3007E122C /* ShoppingCart */,
				62BD93592BC47FA7007E122C /* ProductListing */,
				62BD93572BC47F83007E122C /* SplashScreen */,
			);
			path = Modules;
			sourceTree = "<group>";
		};
		62BD93592BC47FA7007E122C /* ProductListing */ = {
			isa = PBXGroup;
			children = (
				6248B6212BC5F23B003E695B /* Cell */,
				62BD936B2BC494FE007E122C /* ProductListingViewController.swift */,
				622999E42BC5B9FB004941FF /* ProductListingInteractor.swift */,
				62BD936D2BC49641007E122C /* ProductListingPresenter.swift */,
				622999E22BC5B92B004941FF /* ProductListingEntity.swift */,
				622999E62BC5BA22004941FF /* ProductListingRouter.swift */,
			);
			path = ProductListing;
			sourceTree = "<group>";
		};
		62BD935A2BC47FB3007E122C /* ShoppingCart */ = {
			isa = PBXGroup;
			children = (
			);
			path = ShoppingCart;
			sourceTree = "<group>";
		};
		62BD935B2BC47FBE007E122C /* ProductDetails */ = {
			isa = PBXGroup;
			children = (
				62EF7FD02BCB5B5F008DF702 /* ProductDetailViewController.swift */,
				62EF7FD22BCB5B93008DF702 /* ProductDetailInteractor.swift */,
				62EF7FD42BCB5BA4008DF702 /* ProductDetailPresenter.swift */,
				62EF7FD62BCB5BC5008DF702 /* ProductDetailRouter.swift */,
			);
			path = ProductDetails;
			sourceTree = "<group>";
		};
		62BD935C2BC47FDE007E122C /* Resources */ = {
			isa = PBXGroup;
			children = (
				628181832BCC9F47002DC3DE /* Font */,
				62BD935E2BC47FF2007E122C /* Utils */,
				62BD935D2BC47FE9007E122C /* Extensions */,
			);
			path = Resources;
			sourceTree = "<group>";
		};
		62BD935D2BC47FE9007E122C /* Extensions */ = {
			isa = PBXGroup;
			children = (
				6248B6262BC5F4DD003E695B /* Collection.swift */,
			);
			path = Extensions;
			sourceTree = "<group>";
		};
		62BD935E2BC47FF2007E122C /* Utils */ = {
			isa = PBXGroup;
			children = (
				622999E82BC5CC73004941FF /* NetworkService.swift */,
				6248B6242BC5F2ED003E695B /* LoadingView.swift */,
				62D767032BC72D360070A83F /* SectionBackground.swift */,
				624134142BCC13A7002AD5C7 /* CartRepository.swift */,
			);
			path = Utils;
			sourceTree = "<group>";
		};
		62BD935F2BC480C5007E122C /* Base */ = {
			isa = PBXGroup;
			children = (
				62BD93602BC48113007E122C /* BaseViewController.swift */,
			);
			path = Base;
			sourceTree = "<group>";
		};
/* End PBXGroup section */

/* Begin PBXNativeTarget section */
		62BD93222BC47E78007E122C /* Getir-Final-Case */ = {
			isa = PBXNativeTarget;
			buildConfigurationList = 62BD934D2BC47E79007E122C /* Build configuration list for PBXNativeTarget "Getir-Final-Case" */;
			buildPhases = (
				62BD931F2BC47E78007E122C /* Sources */,
				62BD93202BC47E78007E122C /* Frameworks */,
				62BD93212BC47E78007E122C /* Resources */,
			);
			buildRules = (
			);
			dependencies = (
			);
			name = "Getir-Final-Case";
			packageProductDependencies = (
				62CCC5B62BC60CFB00F5693F /* CombineMoya */,
				62CCC5B82BC60CFB00F5693F /* Moya */,
				62CCC5BA2BC60CFB00F5693F /* ReactiveMoya */,
				62CCC5BC2BC60CFB00F5693F /* RxMoya */,
			);
			productName = "Getir-Final-Case";
			productReference = 62BD93232BC47E78007E122C /* Getir-Final-Case.app */;
			productType = "com.apple.product-type.application";
		};
		62BD93382BC47E79007E122C /* Getir-Final-CaseTests */ = {
			isa = PBXNativeTarget;
			buildConfigurationList = 62BD93502BC47E79007E122C /* Build configuration list for PBXNativeTarget "Getir-Final-CaseTests" */;
			buildPhases = (
				62BD93352BC47E79007E122C /* Sources */,
				62BD93362BC47E79007E122C /* Frameworks */,
				62BD93372BC47E79007E122C /* Resources */,
			);
			buildRules = (
			);
			dependencies = (
				62BD933B2BC47E79007E122C /* PBXTargetDependency */,
			);
			name = "Getir-Final-CaseTests";
			productName = "Getir-Final-CaseTests";
			productReference = 62BD93392BC47E79007E122C /* Getir-Final-CaseTests.xctest */;
			productType = "com.apple.product-type.bundle.unit-test";
		};
		62BD93422BC47E79007E122C /* Getir-Final-CaseUITests */ = {
			isa = PBXNativeTarget;
			buildConfigurationList = 62BD93532BC47E79007E122C /* Build configuration list for PBXNativeTarget "Getir-Final-CaseUITests" */;
			buildPhases = (
				62BD933F2BC47E79007E122C /* Sources */,
				62BD93402BC47E79007E122C /* Frameworks */,
				62BD93412BC47E79007E122C /* Resources */,
			);
			buildRules = (
			);
			dependencies = (
				62BD93452BC47E79007E122C /* PBXTargetDependency */,
			);
			name = "Getir-Final-CaseUITests";
			productName = "Getir-Final-CaseUITests";
			productReference = 62BD93432BC47E79007E122C /* Getir-Final-CaseUITests.xctest */;
			productType = "com.apple.product-type.bundle.ui-testing";
		};
/* End PBXNativeTarget section */

/* Begin PBXProject section */
		62BD931B2BC47E78007E122C /* Project object */ = {
			isa = PBXProject;
			attributes = {
				BuildIndependentTargetsInParallel = 1;
				LastSwiftUpdateCheck = 1520;
				LastUpgradeCheck = 1520;
				TargetAttributes = {
					62BD93222BC47E78007E122C = {
						CreatedOnToolsVersion = 15.2;
					};
					62BD93382BC47E79007E122C = {
						CreatedOnToolsVersion = 15.2;
						TestTargetID = 62BD93222BC47E78007E122C;
					};
					62BD93422BC47E79007E122C = {
						CreatedOnToolsVersion = 15.2;
						TestTargetID = 62BD93222BC47E78007E122C;
					};
				};
			};
			buildConfigurationList = 62BD931E2BC47E78007E122C /* Build configuration list for PBXProject "Getir-Final-Case" */;
			compatibilityVersion = "Xcode 14.0";
			developmentRegion = en;
			hasScannedForEncodings = 0;
			knownRegions = (
				en,
				Base,
			);
			mainGroup = 62BD931A2BC47E78007E122C;
			packageReferences = (
				62CCC5B52BC60CDC00F5693F /* XCRemoteSwiftPackageReference "Moya" */,
			);
			productRefGroup = 62BD93242BC47E78007E122C /* Products */;
			projectDirPath = "";
			projectRoot = "";
			targets = (
				62BD93222BC47E78007E122C /* Getir-Final-Case */,
				62BD93382BC47E79007E122C /* Getir-Final-CaseTests */,
				62BD93422BC47E79007E122C /* Getir-Final-CaseUITests */,
			);
		};
/* End PBXProject section */

/* Begin PBXResourcesBuildPhase section */
		62BD93212BC47E78007E122C /* Resources */ = {
			isa = PBXResourcesBuildPhase;
			buildActionMask = 2147483647;
			files = (
				628181BC2BCC9FFB002DC3DE /* OpenSans-SemiBoldItalic.ttf in Resources */,
				628181BE2BCC9FFB002DC3DE /* OpenSans-ExtraBoldItalic.ttf in Resources */,
				62BD93332BC47E79007E122C /* LaunchScreen.storyboard in Resources */,
				628181B92BCC9FFB002DC3DE /* OpenSans-SemiBold.ttf in Resources */,
				62BD93302BC47E79007E122C /* Assets.xcassets in Resources */,
				628181BD2BCC9FFB002DC3DE /* OpenSans-Italic.ttf in Resources */,
				628181B42BCC9FFB002DC3DE /* OpenSans-Light.ttf in Resources */,
				628181BA2BCC9FFB002DC3DE /* OpenSans-BoldItalic.ttf in Resources */,
				628181BF2BCC9FFB002DC3DE /* OpenSans-Bold.ttf in Resources */,
				628181BB2BCC9FFB002DC3DE /* OpenSans-LightItalic.ttf in Resources */,
				628181B82BCC9FFB002DC3DE /* OpenSans-ExtraBold.ttf in Resources */,
				628181B72BCC9FFB002DC3DE /* OpenSans-Regular.ttf in Resources */,
				628181B52BCC9FFB002DC3DE /* OpenSans-Medium.ttf in Resources */,
				628181B62BCC9FFB002DC3DE /* OpenSans-MediumItalic.ttf in Resources */,
				62BD932E2BC47E78007E122C /* Main.storyboard in Resources */,
			);
			runOnlyForDeploymentPostprocessing = 0;
		};
		62BD93372BC47E79007E122C /* Resources */ = {
			isa = PBXResourcesBuildPhase;
			buildActionMask = 2147483647;
			files = (
			);
			runOnlyForDeploymentPostprocessing = 0;
		};
		62BD93412BC47E79007E122C /* Resources */ = {
			isa = PBXResourcesBuildPhase;
			buildActionMask = 2147483647;
			files = (
			);
			runOnlyForDeploymentPostprocessing = 0;
		};
/* End PBXResourcesBuildPhase section */

/* Begin PBXSourcesBuildPhase section */
		62BD931F2BC47E78007E122C /* Sources */ = {
			isa = PBXSourcesBuildPhase;
			buildActionMask = 2147483647;
			files = (
				62BD932B2BC47E78007E122C /* ViewController.swift in Sources */,
				622999E72BC5BA22004941FF /* ProductListingRouter.swift in Sources */,
				624134122BCC0E58002AD5C7 /* Cart.xcdatamodeld in Sources */,
				6248B6272BC5F4DD003E695B /* Collection.swift in Sources */,
				622999E32BC5B92B004941FF /* ProductListingEntity.swift in Sources */,
				62AA580D2BCD80DE0022DD59 /* CustomNavigationBarView.swift in Sources */,
				62AA580F2BCD811A0022DD59 /* CustomNavigationController.swift in Sources */,
				62BD936C2BC494FE007E122C /* ProductListingViewController.swift in Sources */,
				6281817A2BCC5346002DC3DE /* ProductCellInteractor.swift in Sources */,
				62EF7FD72BCB5BC5008DF702 /* ProductDetailRouter.swift in Sources */,
				62BD936A2BC482F6007E122C /* SplashRouter.swift in Sources */,
				6248B6252BC5F2ED003E695B /* LoadingView.swift in Sources */,
				6281817C2BCC5A30002DC3DE /* ProductCellView.swift in Sources */,
				624134152BCC13A7002AD5C7 /* CartRepository.swift in Sources */,
				62BD93682BC4827C007E122C /* SplashPresenter.swift in Sources */,
				622999E92BC5CC73004941FF /* NetworkService.swift in Sources */,
				62BD93652BC481CD007E122C /* SplashInteractor.swift in Sources */,
				62BD93612BC48113007E122C /* BaseViewController.swift in Sources */,
				622999E52BC5B9FB004941FF /* ProductListingInteractor.swift in Sources */,
				62D767042BC72D360070A83F /* SectionBackground.swift in Sources */,
				62BD93272BC47E78007E122C /* AppDelegate.swift in Sources */,
				62BD936E2BC49641007E122C /* ProductListingPresenter.swift in Sources */,
				62EF7FD12BCB5B5F008DF702 /* ProductDetailViewController.swift in Sources */,
				62BD93292BC47E78007E122C /* SceneDelegate.swift in Sources */,
				62BD93632BC48192007E122C /* SplashViewController.swift in Sources */,
				62EF7FD52BCB5BA4008DF702 /* ProductDetailPresenter.swift in Sources */,
				628181782BCC51BC002DC3DE /* ProductCellPresenter.swift in Sources */,
				62EF7FD32BCB5B93008DF702 /* ProductDetailInteractor.swift in Sources */,
			);
			runOnlyForDeploymentPostprocessing = 0;
		};
		62BD93352BC47E79007E122C /* Sources */ = {
			isa = PBXSourcesBuildPhase;
			buildActionMask = 2147483647;
			files = (
				62BD933E2BC47E79007E122C /* Getir_Final_CaseTests.swift in Sources */,
			);
			runOnlyForDeploymentPostprocessing = 0;
		};
		62BD933F2BC47E79007E122C /* Sources */ = {
			isa = PBXSourcesBuildPhase;
			buildActionMask = 2147483647;
			files = (
				62BD93482BC47E79007E122C /* Getir_Final_CaseUITests.swift in Sources */,
				62BD934A2BC47E79007E122C /* Getir_Final_CaseUITestsLaunchTests.swift in Sources */,
			);
			runOnlyForDeploymentPostprocessing = 0;
		};
/* End PBXSourcesBuildPhase section */

/* Begin PBXTargetDependency section */
		62BD933B2BC47E79007E122C /* PBXTargetDependency */ = {
			isa = PBXTargetDependency;
			target = 62BD93222BC47E78007E122C /* Getir-Final-Case */;
			targetProxy = 62BD933A2BC47E79007E122C /* PBXContainerItemProxy */;
		};
		62BD93452BC47E79007E122C /* PBXTargetDependency */ = {
			isa = PBXTargetDependency;
			target = 62BD93222BC47E78007E122C /* Getir-Final-Case */;
			targetProxy = 62BD93442BC47E79007E122C /* PBXContainerItemProxy */;
		};
/* End PBXTargetDependency section */

/* Begin PBXVariantGroup section */
		62BD932C2BC47E78007E122C /* Main.storyboard */ = {
			isa = PBXVariantGroup;
			children = (
				62BD932D2BC47E78007E122C /* Base */,
			);
			name = Main.storyboard;
			sourceTree = "<group>";
		};
		62BD93312BC47E79007E122C /* LaunchScreen.storyboard */ = {
			isa = PBXVariantGroup;
			children = (
				62BD93322BC47E79007E122C /* Base */,
			);
			name = LaunchScreen.storyboard;
			sourceTree = "<group>";
		};
/* End PBXVariantGroup section */

/* Begin XCBuildConfiguration section */
		62BD934B2BC47E79007E122C /* Debug */ = {
			isa = XCBuildConfiguration;
			buildSettings = {
				ALWAYS_SEARCH_USER_PATHS = NO;
				ASSETCATALOG_COMPILER_GENERATE_SWIFT_ASSET_SYMBOL_EXTENSIONS = YES;
				CLANG_ANALYZER_NONNULL = YES;
				CLANG_ANALYZER_NUMBER_OBJECT_CONVERSION = YES_AGGRESSIVE;
				CLANG_CXX_LANGUAGE_STANDARD = "gnu++20";
				CLANG_ENABLE_MODULES = YES;
				CLANG_ENABLE_OBJC_ARC = YES;
				CLANG_ENABLE_OBJC_WEAK = YES;
				CLANG_WARN_BLOCK_CAPTURE_AUTORELEASING = YES;
				CLANG_WARN_BOOL_CONVERSION = YES;
				CLANG_WARN_COMMA = YES;
				CLANG_WARN_CONSTANT_CONVERSION = YES;
				CLANG_WARN_DEPRECATED_OBJC_IMPLEMENTATIONS = YES;
				CLANG_WARN_DIRECT_OBJC_ISA_USAGE = YES_ERROR;
				CLANG_WARN_DOCUMENTATION_COMMENTS = YES;
				CLANG_WARN_EMPTY_BODY = YES;
				CLANG_WARN_ENUM_CONVERSION = YES;
				CLANG_WARN_INFINITE_RECURSION = YES;
				CLANG_WARN_INT_CONVERSION = YES;
				CLANG_WARN_NON_LITERAL_NULL_CONVERSION = YES;
				CLANG_WARN_OBJC_IMPLICIT_RETAIN_SELF = YES;
				CLANG_WARN_OBJC_LITERAL_CONVERSION = YES;
				CLANG_WARN_OBJC_ROOT_CLASS = YES_ERROR;
				CLANG_WARN_QUOTED_INCLUDE_IN_FRAMEWORK_HEADER = YES;
				CLANG_WARN_RANGE_LOOP_ANALYSIS = YES;
				CLANG_WARN_STRICT_PROTOTYPES = YES;
				CLANG_WARN_SUSPICIOUS_MOVE = YES;
				CLANG_WARN_UNGUARDED_AVAILABILITY = YES_AGGRESSIVE;
				CLANG_WARN_UNREACHABLE_CODE = YES;
				CLANG_WARN__DUPLICATE_METHOD_MATCH = YES;
				COPY_PHASE_STRIP = NO;
				DEBUG_INFORMATION_FORMAT = dwarf;
				ENABLE_STRICT_OBJC_MSGSEND = YES;
				ENABLE_TESTABILITY = YES;
				ENABLE_USER_SCRIPT_SANDBOXING = YES;
				GCC_C_LANGUAGE_STANDARD = gnu17;
				GCC_DYNAMIC_NO_PIC = NO;
				GCC_NO_COMMON_BLOCKS = YES;
				GCC_OPTIMIZATION_LEVEL = 0;
				GCC_PREPROCESSOR_DEFINITIONS = (
					"DEBUG=1",
					"$(inherited)",
				);
				GCC_WARN_64_TO_32_BIT_CONVERSION = YES;
				GCC_WARN_ABOUT_RETURN_TYPE = YES_ERROR;
				GCC_WARN_UNDECLARED_SELECTOR = YES;
				GCC_WARN_UNINITIALIZED_AUTOS = YES_AGGRESSIVE;
				GCC_WARN_UNUSED_FUNCTION = YES;
				GCC_WARN_UNUSED_VARIABLE = YES;
				IPHONEOS_DEPLOYMENT_TARGET = 17.2;
				LOCALIZATION_PREFERS_STRING_CATALOGS = YES;
				MTL_ENABLE_DEBUG_INFO = INCLUDE_SOURCE;
				MTL_FAST_MATH = YES;
				ONLY_ACTIVE_ARCH = YES;
				SDKROOT = iphoneos;
				SWIFT_ACTIVE_COMPILATION_CONDITIONS = "DEBUG $(inherited)";
				SWIFT_OPTIMIZATION_LEVEL = "-Onone";
			};
			name = Debug;
		};
		62BD934C2BC47E79007E122C /* Release */ = {
			isa = XCBuildConfiguration;
			buildSettings = {
				ALWAYS_SEARCH_USER_PATHS = NO;
				ASSETCATALOG_COMPILER_GENERATE_SWIFT_ASSET_SYMBOL_EXTENSIONS = YES;
				CLANG_ANALYZER_NONNULL = YES;
				CLANG_ANALYZER_NUMBER_OBJECT_CONVERSION = YES_AGGRESSIVE;
				CLANG_CXX_LANGUAGE_STANDARD = "gnu++20";
				CLANG_ENABLE_MODULES = YES;
				CLANG_ENABLE_OBJC_ARC = YES;
				CLANG_ENABLE_OBJC_WEAK = YES;
				CLANG_WARN_BLOCK_CAPTURE_AUTORELEASING = YES;
				CLANG_WARN_BOOL_CONVERSION = YES;
				CLANG_WARN_COMMA = YES;
				CLANG_WARN_CONSTANT_CONVERSION = YES;
				CLANG_WARN_DEPRECATED_OBJC_IMPLEMENTATIONS = YES;
				CLANG_WARN_DIRECT_OBJC_ISA_USAGE = YES_ERROR;
				CLANG_WARN_DOCUMENTATION_COMMENTS = YES;
				CLANG_WARN_EMPTY_BODY = YES;
				CLANG_WARN_ENUM_CONVERSION = YES;
				CLANG_WARN_INFINITE_RECURSION = YES;
				CLANG_WARN_INT_CONVERSION = YES;
				CLANG_WARN_NON_LITERAL_NULL_CONVERSION = YES;
				CLANG_WARN_OBJC_IMPLICIT_RETAIN_SELF = YES;
				CLANG_WARN_OBJC_LITERAL_CONVERSION = YES;
				CLANG_WARN_OBJC_ROOT_CLASS = YES_ERROR;
				CLANG_WARN_QUOTED_INCLUDE_IN_FRAMEWORK_HEADER = YES;
				CLANG_WARN_RANGE_LOOP_ANALYSIS = YES;
				CLANG_WARN_STRICT_PROTOTYPES = YES;
				CLANG_WARN_SUSPICIOUS_MOVE = YES;
				CLANG_WARN_UNGUARDED_AVAILABILITY = YES_AGGRESSIVE;
				CLANG_WARN_UNREACHABLE_CODE = YES;
				CLANG_WARN__DUPLICATE_METHOD_MATCH = YES;
				COPY_PHASE_STRIP = NO;
				DEBUG_INFORMATION_FORMAT = "dwarf-with-dsym";
				ENABLE_NS_ASSERTIONS = NO;
				ENABLE_STRICT_OBJC_MSGSEND = YES;
				ENABLE_USER_SCRIPT_SANDBOXING = YES;
				GCC_C_LANGUAGE_STANDARD = gnu17;
				GCC_NO_COMMON_BLOCKS = YES;
				GCC_WARN_64_TO_32_BIT_CONVERSION = YES;
				GCC_WARN_ABOUT_RETURN_TYPE = YES_ERROR;
				GCC_WARN_UNDECLARED_SELECTOR = YES;
				GCC_WARN_UNINITIALIZED_AUTOS = YES_AGGRESSIVE;
				GCC_WARN_UNUSED_FUNCTION = YES;
				GCC_WARN_UNUSED_VARIABLE = YES;
				IPHONEOS_DEPLOYMENT_TARGET = 17.2;
				LOCALIZATION_PREFERS_STRING_CATALOGS = YES;
				MTL_ENABLE_DEBUG_INFO = NO;
				MTL_FAST_MATH = YES;
				SDKROOT = iphoneos;
				SWIFT_COMPILATION_MODE = wholemodule;
				VALIDATE_PRODUCT = YES;
			};
			name = Release;
		};
		62BD934E2BC47E79007E122C /* Debug */ = {
			isa = XCBuildConfiguration;
			buildSettings = {
				ASSETCATALOG_COMPILER_APPICON_NAME = AppIcon;
				ASSETCATALOG_COMPILER_GLOBAL_ACCENT_COLOR_NAME = AccentColor;
				CODE_SIGN_STYLE = Automatic;
				CURRENT_PROJECT_VERSION = 1;
				DEVELOPMENT_TEAM = 8X8P7X3D8N;
				GENERATE_INFOPLIST_FILE = YES;
				INFOPLIST_FILE = "Getir-Final-Case/Info.plist";
				INFOPLIST_KEY_UIApplicationSupportsIndirectInputEvents = YES;
				INFOPLIST_KEY_UILaunchStoryboardName = LaunchScreen;
				INFOPLIST_KEY_UIMainStoryboardFile = Main;
				INFOPLIST_KEY_UISupportedInterfaceOrientations = UIInterfaceOrientationPortrait;
				INFOPLIST_KEY_UISupportedInterfaceOrientations_iPad = "UIInterfaceOrientationLandscapeLeft UIInterfaceOrientationLandscapeRight UIInterfaceOrientationPortrait UIInterfaceOrientationPortraitUpsideDown";
				IPHONEOS_DEPLOYMENT_TARGET = 14;
				LD_RUNPATH_SEARCH_PATHS = (
					"$(inherited)",
					"@executable_path/Frameworks",
				);
				MARKETING_VERSION = 1.0;
				PRODUCT_BUNDLE_IDENTIFIER = "com.bprldr.Getir-Final-Case";
				PRODUCT_NAME = "$(TARGET_NAME)";
				SUPPORTED_PLATFORMS = "iphoneos iphonesimulator";
				SUPPORTS_MACCATALYST = NO;
				SUPPORTS_MAC_DESIGNED_FOR_IPHONE_IPAD = NO;
				SUPPORTS_XR_DESIGNED_FOR_IPHONE_IPAD = NO;
				SWIFT_EMIT_LOC_STRINGS = YES;
				SWIFT_VERSION = 5.0;
				TARGETED_DEVICE_FAMILY = 1;
			};
			name = Debug;
		};
		62BD934F2BC47E79007E122C /* Release */ = {
			isa = XCBuildConfiguration;
			buildSettings = {
				ASSETCATALOG_COMPILER_APPICON_NAME = AppIcon;
				ASSETCATALOG_COMPILER_GLOBAL_ACCENT_COLOR_NAME = AccentColor;
				CODE_SIGN_STYLE = Automatic;
				CURRENT_PROJECT_VERSION = 1;
				DEVELOPMENT_TEAM = 8X8P7X3D8N;
				GENERATE_INFOPLIST_FILE = YES;
				INFOPLIST_FILE = "Getir-Final-Case/Info.plist";
				INFOPLIST_KEY_UIApplicationSupportsIndirectInputEvents = YES;
				INFOPLIST_KEY_UILaunchStoryboardName = LaunchScreen;
				INFOPLIST_KEY_UIMainStoryboardFile = Main;
				INFOPLIST_KEY_UISupportedInterfaceOrientations = UIInterfaceOrientationPortrait;
				INFOPLIST_KEY_UISupportedInterfaceOrientations_iPad = "UIInterfaceOrientationLandscapeLeft UIInterfaceOrientationLandscapeRight UIInterfaceOrientationPortrait UIInterfaceOrientationPortraitUpsideDown";
				IPHONEOS_DEPLOYMENT_TARGET = 14;
				LD_RUNPATH_SEARCH_PATHS = (
					"$(inherited)",
					"@executable_path/Frameworks",
				);
				MARKETING_VERSION = 1.0;
				PRODUCT_BUNDLE_IDENTIFIER = "com.bprldr.Getir-Final-Case";
				PRODUCT_NAME = "$(TARGET_NAME)";
				SUPPORTED_PLATFORMS = "iphoneos iphonesimulator";
				SUPPORTS_MACCATALYST = NO;
				SUPPORTS_MAC_DESIGNED_FOR_IPHONE_IPAD = NO;
				SUPPORTS_XR_DESIGNED_FOR_IPHONE_IPAD = NO;
				SWIFT_EMIT_LOC_STRINGS = YES;
				SWIFT_VERSION = 5.0;
				TARGETED_DEVICE_FAMILY = 1;
			};
			name = Release;
		};
		62BD93512BC47E79007E122C /* Debug */ = {
			isa = XCBuildConfiguration;
			buildSettings = {
				ALWAYS_EMBED_SWIFT_STANDARD_LIBRARIES = YES;
				BUNDLE_LOADER = "$(TEST_HOST)";
				CODE_SIGN_STYLE = Automatic;
				CURRENT_PROJECT_VERSION = 1;
				DEVELOPMENT_TEAM = 8X8P7X3D8N;
				GENERATE_INFOPLIST_FILE = YES;
				IPHONEOS_DEPLOYMENT_TARGET = 17.2;
				MARKETING_VERSION = 1.0;
				PRODUCT_BUNDLE_IDENTIFIER = "com.bprldr.Getir-Final-CaseTests";
				PRODUCT_NAME = "$(TARGET_NAME)";
				SWIFT_EMIT_LOC_STRINGS = NO;
				SWIFT_VERSION = 5.0;
				TARGETED_DEVICE_FAMILY = "1,2";
				TEST_HOST = "$(BUILT_PRODUCTS_DIR)/Getir-Final-Case.app/$(BUNDLE_EXECUTABLE_FOLDER_PATH)/Getir-Final-Case";
			};
			name = Debug;
		};
		62BD93522BC47E79007E122C /* Release */ = {
			isa = XCBuildConfiguration;
			buildSettings = {
				ALWAYS_EMBED_SWIFT_STANDARD_LIBRARIES = YES;
				BUNDLE_LOADER = "$(TEST_HOST)";
				CODE_SIGN_STYLE = Automatic;
				CURRENT_PROJECT_VERSION = 1;
				DEVELOPMENT_TEAM = 8X8P7X3D8N;
				GENERATE_INFOPLIST_FILE = YES;
				IPHONEOS_DEPLOYMENT_TARGET = 17.2;
				MARKETING_VERSION = 1.0;
				PRODUCT_BUNDLE_IDENTIFIER = "com.bprldr.Getir-Final-CaseTests";
				PRODUCT_NAME = "$(TARGET_NAME)";
				SWIFT_EMIT_LOC_STRINGS = NO;
				SWIFT_VERSION = 5.0;
				TARGETED_DEVICE_FAMILY = "1,2";
				TEST_HOST = "$(BUILT_PRODUCTS_DIR)/Getir-Final-Case.app/$(BUNDLE_EXECUTABLE_FOLDER_PATH)/Getir-Final-Case";
			};
			name = Release;
		};
		62BD93542BC47E79007E122C /* Debug */ = {
			isa = XCBuildConfiguration;
			buildSettings = {
				ALWAYS_EMBED_SWIFT_STANDARD_LIBRARIES = YES;
				CODE_SIGN_STYLE = Automatic;
				CURRENT_PROJECT_VERSION = 1;
				DEVELOPMENT_TEAM = 8X8P7X3D8N;
				GENERATE_INFOPLIST_FILE = YES;
				MARKETING_VERSION = 1.0;
				PRODUCT_BUNDLE_IDENTIFIER = "com.bprldr.Getir-Final-CaseUITests";
				PRODUCT_NAME = "$(TARGET_NAME)";
				SWIFT_EMIT_LOC_STRINGS = NO;
				SWIFT_VERSION = 5.0;
				TARGETED_DEVICE_FAMILY = "1,2";
				TEST_TARGET_NAME = "Getir-Final-Case";
			};
			name = Debug;
		};
		62BD93552BC47E79007E122C /* Release */ = {
			isa = XCBuildConfiguration;
			buildSettings = {
				ALWAYS_EMBED_SWIFT_STANDARD_LIBRARIES = YES;
				CODE_SIGN_STYLE = Automatic;
				CURRENT_PROJECT_VERSION = 1;
				DEVELOPMENT_TEAM = 8X8P7X3D8N;
				GENERATE_INFOPLIST_FILE = YES;
				MARKETING_VERSION = 1.0;
				PRODUCT_BUNDLE_IDENTIFIER = "com.bprldr.Getir-Final-CaseUITests";
				PRODUCT_NAME = "$(TARGET_NAME)";
				SWIFT_EMIT_LOC_STRINGS = NO;
				SWIFT_VERSION = 5.0;
				TARGETED_DEVICE_FAMILY = "1,2";
				TEST_TARGET_NAME = "Getir-Final-Case";
			};
			name = Release;
		};
/* End XCBuildConfiguration section */

/* Begin XCConfigurationList section */
		62BD931E2BC47E78007E122C /* Build configuration list for PBXProject "Getir-Final-Case" */ = {
			isa = XCConfigurationList;
			buildConfigurations = (
				62BD934B2BC47E79007E122C /* Debug */,
				62BD934C2BC47E79007E122C /* Release */,
			);
			defaultConfigurationIsVisible = 0;
			defaultConfigurationName = Release;
		};
		62BD934D2BC47E79007E122C /* Build configuration list for PBXNativeTarget "Getir-Final-Case" */ = {
			isa = XCConfigurationList;
			buildConfigurations = (
				62BD934E2BC47E79007E122C /* Debug */,
				62BD934F2BC47E79007E122C /* Release */,
			);
			defaultConfigurationIsVisible = 0;
			defaultConfigurationName = Release;
		};
		62BD93502BC47E79007E122C /* Build configuration list for PBXNativeTarget "Getir-Final-CaseTests" */ = {
			isa = XCConfigurationList;
			buildConfigurations = (
				62BD93512BC47E79007E122C /* Debug */,
				62BD93522BC47E79007E122C /* Release */,
			);
			defaultConfigurationIsVisible = 0;
			defaultConfigurationName = Release;
		};
		62BD93532BC47E79007E122C /* Build configuration list for PBXNativeTarget "Getir-Final-CaseUITests" */ = {
			isa = XCConfigurationList;
			buildConfigurations = (
				62BD93542BC47E79007E122C /* Debug */,
				62BD93552BC47E79007E122C /* Release */,
			);
			defaultConfigurationIsVisible = 0;
			defaultConfigurationName = Release;
		};
/* End XCConfigurationList section */

/* Begin XCRemoteSwiftPackageReference section */
		62CCC5B52BC60CDC00F5693F /* XCRemoteSwiftPackageReference "Moya" */ = {
			isa = XCRemoteSwiftPackageReference;
			repositoryURL = "https://github.com/Moya/Moya";
			requirement = {
				kind = upToNextMajorVersion;
				minimumVersion = 15.0.3;
			};
		};
/* End XCRemoteSwiftPackageReference section */

/* Begin XCSwiftPackageProductDependency section */
		62CCC5B62BC60CFB00F5693F /* CombineMoya */ = {
			isa = XCSwiftPackageProductDependency;
			package = 62CCC5B52BC60CDC00F5693F /* XCRemoteSwiftPackageReference "Moya" */;
			productName = CombineMoya;
		};
		62CCC5B82BC60CFB00F5693F /* Moya */ = {
			isa = XCSwiftPackageProductDependency;
			package = 62CCC5B52BC60CDC00F5693F /* XCRemoteSwiftPackageReference "Moya" */;
			productName = Moya;
		};
		62CCC5BA2BC60CFB00F5693F /* ReactiveMoya */ = {
			isa = XCSwiftPackageProductDependency;
			package = 62CCC5B52BC60CDC00F5693F /* XCRemoteSwiftPackageReference "Moya" */;
			productName = ReactiveMoya;
		};
		62CCC5BC2BC60CFB00F5693F /* RxMoya */ = {
			isa = XCSwiftPackageProductDependency;
			package = 62CCC5B52BC60CDC00F5693F /* XCRemoteSwiftPackageReference "Moya" */;
			productName = RxMoya;
		};
/* End XCSwiftPackageProductDependency section */

/* Begin XCVersionGroup section */
		624134102BCC0E58002AD5C7 /* Cart.xcdatamodeld */ = {
			isa = XCVersionGroup;
			children = (
				624134112BCC0E58002AD5C7 /* Cart.xcdatamodel */,
			);
			currentVersion = 624134112BCC0E58002AD5C7 /* Cart.xcdatamodel */;
			path = Cart.xcdatamodeld;
			sourceTree = "<group>";
			versionGroupType = wrapper.xcdatamodel;
		};
/* End XCVersionGroup section */
	};
	rootObject = 62BD931B2BC47E78007E122C /* Project object */;
}
